
Microsoft Visual Studio Solution File, Format Version 11.00
# Visual Studio 2010
Project("{2150E333-8FDC-42A3-9474-1A3956D46DE8}") = "Base Libraries", "Base Libraries", "{A9565D4A-9737-4D90-AF52-87619387E4E6}"
EndProject
Project("{2150E333-8FDC-42A3-9474-1A3956D46DE8}") = "Test", "Test", "{A8703A77-0135-4131-B8AE-A9E2B0D8DAAA}"
EndProject
Project("{8BC9CEB8-8B4A-11D0-8D11-00A0C91BC942}") = "Base Graphics Library", "Source\Base Libraries\Base Graphics Library\Base Graphics Library.vcxproj", "{2C0CBF48-F1EC-47B4-B49C-D8E8131BB867}"
EndProject
<<<<<<< .mine
Project("{8BC9CEB8-8B4A-11D0-8D11-00A0C91BC942}") = "Tutorial - Implicit Surfaces (OCL)", "Source\OpenCL Tutorial\Implicit Surfaces\Implicit Surfaces.vcxproj", "{A042E930-8049-4173-BD0B-E605DFE5F4BC}"
=======
Project("{2150E333-8FDC-42A3-9474-1A3956D46DE8}") = "OpenCL Tutorial", "OpenCL Tutorial", "{A8703A77-0135-4131-B8AE-A9E2B0D8DAAA}"
>>>>>>> .r338
EndProject
<<<<<<< .mine
Project("{8BC9CEB8-8B4A-11D0-8D11-00A0C91BC942}") = "Tutorial - Metaballs (OCL)", "Source\OpenCL Tutorial\Metaballs\Metaballs.vcxproj", "{C09BE8B1-3AB1-41A5-9342-AFDD90C093E0}"
=======
Project("{8BC9CEB8-8B4A-11D0-8D11-00A0C91BC942}") = "Tutorial 2 - Implicit Surfaces (OCL)", "Source\OpenCL Tutorial\Implicit Surfaces\Implicit Surfaces.vcproj", "{A042E930-8049-4173-BD0B-E605DFE5F4BC}"
>>>>>>> .r338
EndProject
<<<<<<< .mine
Project("{8BC9CEB8-8B4A-11D0-8D11-00A0C91BC942}") = "Base Compute Library", "Source\Base Libraries\Base Compute Library\Base Compute Library.vcxproj", "{9D2F121F-717A-4A96-AB28-7CD503F01413}"
=======
Project("{8BC9CEB8-8B4A-11D0-8D11-00A0C91BC942}") = "Tutorial 3 - Metaballs (OCL)", "Source\OpenCL Tutorial\Metaballs\Metaballs.vcproj", "{C09BE8B1-3AB1-41A5-9342-AFDD90C093E0}"
>>>>>>> .r338
EndProject
<<<<<<< .mine
Project("{8BC9CEB8-8B4A-11D0-8D11-00A0C91BC942}") = "Tutorial - Implicit Surfaces (OGL)", "Source\OpenGL Tutorial\Implicit Surfaces\Implicit Surfaces.vcxproj", "{65CCCC3E-1416-4B7B-A0F6-76BFEB7A2EB3}"
=======
Project("{8BC9CEB8-8B4A-11D0-8D11-00A0C91BC942}") = "Base Compute Library", "Source\Base Libraries\Base Compute Library\Base Compute Library.vcproj", "{9D2F121F-717A-4A96-AB28-7CD503F01413}"
>>>>>>> .r338
EndProject
<<<<<<< .mine
Project("{8BC9CEB8-8B4A-11D0-8D11-00A0C91BC942}") = "Tutorial - Metaballs (OGL)", "Source\OpenGL Tutorial\Metaballs\Metaballs.vcxproj", "{E51C8C20-B005-4E20-8959-0E4BC6D607A6}"
=======
Project("{8BC9CEB8-8B4A-11D0-8D11-00A0C91BC942}") = "Tutorial 4 - N-Bodies Simulation (OCL)", "Source\OpenCL Tutorial\N-Bodies Simulation\N-Bodies Simulation.vcproj", "{905F317C-44B3-447F-9AB5-EDFF45C14906}"
>>>>>>> .r338
EndProject
<<<<<<< .mine
Project("{2150E333-8FDC-42A3-9474-1A3956D46DE8}") = "Demo", "Demo", "{5B090E61-95EE-4908-9A48-1DB42C636FAA}"
=======
Project("{8BC9CEB8-8B4A-11D0-8D11-00A0C91BC942}") = "Tutorial 5 - Quaternion Fractals (OCL)", "Source\OpenCL Tutorial\Quaternion Fractals\Quaternion Fractals.vcproj", "{D85DFC01-C1D3-43C5-9ACF-66C4C10EBF93}"
>>>>>>> .r338
EndProject
<<<<<<< .mine
=======
Project("{8BC9CEB8-8B4A-11D0-8D11-00A0C91BC942}") = "Tutorial 1 - Matrix Multiplication (OGL)", "Source\OpenGL Tutorial\Matrix Multiplication\Matrix Multiplication.vcproj", "{7FF5798B-4B32-47F0-85F4-207B0C60921F}"
EndProject
Project("{8BC9CEB8-8B4A-11D0-8D11-00A0C91BC942}") = "Tutorial 2 - Implicit Surfaces (OGL)", "Source\OpenGL Tutorial\Implicit Surfaces\Implicit Surfaces.vcproj", "{65CCCC3E-1416-4B7B-A0F6-76BFEB7A2EB3}"
EndProject
Project("{8BC9CEB8-8B4A-11D0-8D11-00A0C91BC942}") = "Tutorial 3 - Metaballs (OGL)", "Source\OpenGL Tutorial\Metaballs\Metaballs.vcproj", "{E51C8C20-B005-4E20-8959-0E4BC6D607A6}"
EndProject
Project("{8BC9CEB8-8B4A-11D0-8D11-00A0C91BC942}") = "Tutorial 4 - Quaternion Fractals (OGL)", "Source\OpenGL Tutorial\Quaternion Fractals\Quaternion Fractals.vcproj", "{D2D4733A-6BB7-4B8A-8043-F873A123EE02}"
EndProject
>>>>>>> .r338
Project("{8BC9CEB8-8B4A-11D0-8D11-00A0C91BC942}") = "Tutorial 5 - N-Bodies Simulation (OGL)", "Source\OpenGL Tutorial\N-Bodies Simulation\N-Bodies Simulation.vcproj", "{2121A13B-9E9D-49E3-8E54-AFB7C9CF318A}"
EndProject
Project("{8BC9CEB8-8B4A-11D0-8D11-00A0C91BC942}") = "Tutorial 1 - Square Array (OCL)", "Source\OpenCL Tutorial\Square Array\Square Array.vcproj", "{6800AC0F-6EEB-4C8A-A594-21FED97FCCA3}"
EndProject
Global
	GlobalSection(SolutionConfigurationPlatforms) = preSolution
		Debug (AMD)|Win32 = Debug (AMD)|Win32
		Debug (NVIDIA)|Win32 = Debug (NVIDIA)|Win32
		Release (AMD)|Win32 = Release (AMD)|Win32
		Release (NVIDIA)|Win32 = Release (NVIDIA)|Win32
	EndGlobalSection
	GlobalSection(ProjectConfigurationPlatforms) = postSolution
		{2C0CBF48-F1EC-47B4-B49C-D8E8131BB867}.Debug (AMD)|Win32.ActiveCfg = Debug|Win32
		{2C0CBF48-F1EC-47B4-B49C-D8E8131BB867}.Debug (AMD)|Win32.Build.0 = Debug|Win32
		{2C0CBF48-F1EC-47B4-B49C-D8E8131BB867}.Debug (NVIDIA)|Win32.ActiveCfg = Debug|Win32
		{2C0CBF48-F1EC-47B4-B49C-D8E8131BB867}.Debug (NVIDIA)|Win32.Build.0 = Debug|Win32
		{2C0CBF48-F1EC-47B4-B49C-D8E8131BB867}.Release (AMD)|Win32.ActiveCfg = Release|Win32
		{2C0CBF48-F1EC-47B4-B49C-D8E8131BB867}.Release (AMD)|Win32.Build.0 = Release|Win32
		{2C0CBF48-F1EC-47B4-B49C-D8E8131BB867}.Release (NVIDIA)|Win32.ActiveCfg = Release|Win32
		{2C0CBF48-F1EC-47B4-B49C-D8E8131BB867}.Release (NVIDIA)|Win32.Build.0 = Release|Win32
<<<<<<< .mine
		{2C0CBF48-F1EC-47B4-B49C-D8E8131BB867}.Release|Win32.ActiveCfg = Release|Win32
		{2C0CBF48-F1EC-47B4-B49C-D8E8131BB867}.Release|Win32.Build.0 = Release|Win32
=======
>>>>>>> .r338
		{A042E930-8049-4173-BD0B-E605DFE5F4BC}.Debug (AMD)|Win32.ActiveCfg = Debug (AMD)|Win32
		{A042E930-8049-4173-BD0B-E605DFE5F4BC}.Debug (AMD)|Win32.Build.0 = Debug (AMD)|Win32
		{A042E930-8049-4173-BD0B-E605DFE5F4BC}.Debug (NVIDIA)|Win32.ActiveCfg = Debug (NVIDIA)|Win32
		{A042E930-8049-4173-BD0B-E605DFE5F4BC}.Debug (NVIDIA)|Win32.Build.0 = Debug (NVIDIA)|Win32
		{A042E930-8049-4173-BD0B-E605DFE5F4BC}.Release (AMD)|Win32.ActiveCfg = Release (AMD)|Win32
		{A042E930-8049-4173-BD0B-E605DFE5F4BC}.Release (AMD)|Win32.Build.0 = Release (AMD)|Win32
		{A042E930-8049-4173-BD0B-E605DFE5F4BC}.Release (NVIDIA)|Win32.ActiveCfg = Release (NVIDIA)|Win32
		{A042E930-8049-4173-BD0B-E605DFE5F4BC}.Release (NVIDIA)|Win32.Build.0 = Release (NVIDIA)|Win32
		{C09BE8B1-3AB1-41A5-9342-AFDD90C093E0}.Debug (AMD)|Win32.ActiveCfg = Debug (AMD)|Win32
		{C09BE8B1-3AB1-41A5-9342-AFDD90C093E0}.Debug (AMD)|Win32.Build.0 = Debug (AMD)|Win32
		{C09BE8B1-3AB1-41A5-9342-AFDD90C093E0}.Debug (NVIDIA)|Win32.ActiveCfg = Debug (NVIDIA)|Win32
		{C09BE8B1-3AB1-41A5-9342-AFDD90C093E0}.Debug (NVIDIA)|Win32.Build.0 = Debug (NVIDIA)|Win32
		{C09BE8B1-3AB1-41A5-9342-AFDD90C093E0}.Release (AMD)|Win32.ActiveCfg = Release (AMD)|Win32
		{C09BE8B1-3AB1-41A5-9342-AFDD90C093E0}.Release (AMD)|Win32.Build.0 = Release (AMD)|Win32
		{C09BE8B1-3AB1-41A5-9342-AFDD90C093E0}.Release (NVIDIA)|Win32.ActiveCfg = Release (NVIDIA)|Win32
		{C09BE8B1-3AB1-41A5-9342-AFDD90C093E0}.Release (NVIDIA)|Win32.Build.0 = Release (NVIDIA)|Win32
		{9D2F121F-717A-4A96-AB28-7CD503F01413}.Debug (AMD)|Win32.ActiveCfg = Debug (AMD)|Win32
		{9D2F121F-717A-4A96-AB28-7CD503F01413}.Debug (AMD)|Win32.Build.0 = Debug (AMD)|Win32
		{9D2F121F-717A-4A96-AB28-7CD503F01413}.Debug (NVIDIA)|Win32.ActiveCfg = Debug (NVIDIA)|Win32
		{9D2F121F-717A-4A96-AB28-7CD503F01413}.Debug (NVIDIA)|Win32.Build.0 = Debug (NVIDIA)|Win32
		{9D2F121F-717A-4A96-AB28-7CD503F01413}.Release (AMD)|Win32.ActiveCfg = Release (AMD)|Win32
		{9D2F121F-717A-4A96-AB28-7CD503F01413}.Release (AMD)|Win32.Build.0 = Release (AMD)|Win32
		{9D2F121F-717A-4A96-AB28-7CD503F01413}.Release (NVIDIA)|Win32.ActiveCfg = Release (NVIDIA)|Win32
		{9D2F121F-717A-4A96-AB28-7CD503F01413}.Release (NVIDIA)|Win32.Build.0 = Release (NVIDIA)|Win32
<<<<<<< .mine
		{65CCCC3E-1416-4B7B-A0F6-76BFEB7A2EB3}.Debug (AMD)|Win32.ActiveCfg = Debug|Win32
		{65CCCC3E-1416-4B7B-A0F6-76BFEB7A2EB3}.Debug (AMD)|Win32.Build.0 = Debug|Win32
		{65CCCC3E-1416-4B7B-A0F6-76BFEB7A2EB3}.Debug (NVIDIA)|Win32.ActiveCfg = Debug|Win32
		{65CCCC3E-1416-4B7B-A0F6-76BFEB7A2EB3}.Debug (NVIDIA)|Win32.Build.0 = Debug|Win32
		{65CCCC3E-1416-4B7B-A0F6-76BFEB7A2EB3}.Debug|Win32.ActiveCfg = Debug|Win32
		{65CCCC3E-1416-4B7B-A0F6-76BFEB7A2EB3}.Debug|Win32.Build.0 = Debug|Win32
		{65CCCC3E-1416-4B7B-A0F6-76BFEB7A2EB3}.Release (AMD)|Win32.ActiveCfg = Release|Win32
		{65CCCC3E-1416-4B7B-A0F6-76BFEB7A2EB3}.Release (AMD)|Win32.Build.0 = Release|Win32
		{65CCCC3E-1416-4B7B-A0F6-76BFEB7A2EB3}.Release (NVIDIA)|Win32.ActiveCfg = Release|Win32
		{65CCCC3E-1416-4B7B-A0F6-76BFEB7A2EB3}.Release (NVIDIA)|Win32.Build.0 = Release|Win32
		{65CCCC3E-1416-4B7B-A0F6-76BFEB7A2EB3}.Release|Win32.ActiveCfg = Release|Win32
		{65CCCC3E-1416-4B7B-A0F6-76BFEB7A2EB3}.Release|Win32.Build.0 = Release|Win32
		{E51C8C20-B005-4E20-8959-0E4BC6D607A6}.Debug (AMD)|Win32.ActiveCfg = Debug|Win32
		{E51C8C20-B005-4E20-8959-0E4BC6D607A6}.Debug (AMD)|Win32.Build.0 = Debug|Win32
		{E51C8C20-B005-4E20-8959-0E4BC6D607A6}.Debug (NVIDIA)|Win32.ActiveCfg = Debug|Win32
		{E51C8C20-B005-4E20-8959-0E4BC6D607A6}.Debug (NVIDIA)|Win32.Build.0 = Debug|Win32
		{E51C8C20-B005-4E20-8959-0E4BC6D607A6}.Debug|Win32.ActiveCfg = Debug|Win32
		{E51C8C20-B005-4E20-8959-0E4BC6D607A6}.Debug|Win32.Build.0 = Debug|Win32
		{E51C8C20-B005-4E20-8959-0E4BC6D607A6}.Release (AMD)|Win32.ActiveCfg = Release|Win32
		{E51C8C20-B005-4E20-8959-0E4BC6D607A6}.Release (AMD)|Win32.Build.0 = Release|Win32
		{E51C8C20-B005-4E20-8959-0E4BC6D607A6}.Release (NVIDIA)|Win32.ActiveCfg = Release|Win32
		{E51C8C20-B005-4E20-8959-0E4BC6D607A6}.Release (NVIDIA)|Win32.Build.0 = Release|Win32
		{E51C8C20-B005-4E20-8959-0E4BC6D607A6}.Release|Win32.ActiveCfg = Release|Win32
		{E51C8C20-B005-4E20-8959-0E4BC6D607A6}.Release|Win32.Build.0 = Release|Win32
=======
		{905F317C-44B3-447F-9AB5-EDFF45C14906}.Debug (AMD)|Win32.ActiveCfg = Debug (AMD)|Win32
		{905F317C-44B3-447F-9AB5-EDFF45C14906}.Debug (AMD)|Win32.Build.0 = Debug (AMD)|Win32
		{905F317C-44B3-447F-9AB5-EDFF45C14906}.Debug (NVIDIA)|Win32.ActiveCfg = Debug (NVIDIA)|Win32
		{905F317C-44B3-447F-9AB5-EDFF45C14906}.Debug (NVIDIA)|Win32.Build.0 = Debug (NVIDIA)|Win32
		{905F317C-44B3-447F-9AB5-EDFF45C14906}.Release (AMD)|Win32.ActiveCfg = Release (AMD)|Win32
		{905F317C-44B3-447F-9AB5-EDFF45C14906}.Release (AMD)|Win32.Build.0 = Release (AMD)|Win32
		{905F317C-44B3-447F-9AB5-EDFF45C14906}.Release (NVIDIA)|Win32.ActiveCfg = Release (NVIDIA)|Win32
		{905F317C-44B3-447F-9AB5-EDFF45C14906}.Release (NVIDIA)|Win32.Build.0 = Release (NVIDIA)|Win32
		{D85DFC01-C1D3-43C5-9ACF-66C4C10EBF93}.Debug (AMD)|Win32.ActiveCfg = Debug (AMD)|Win32
		{D85DFC01-C1D3-43C5-9ACF-66C4C10EBF93}.Debug (AMD)|Win32.Build.0 = Debug (AMD)|Win32
		{D85DFC01-C1D3-43C5-9ACF-66C4C10EBF93}.Debug (NVIDIA)|Win32.ActiveCfg = Debug (NVIDIA)|Win32
		{D85DFC01-C1D3-43C5-9ACF-66C4C10EBF93}.Debug (NVIDIA)|Win32.Build.0 = Debug (NVIDIA)|Win32
		{D85DFC01-C1D3-43C5-9ACF-66C4C10EBF93}.Release (AMD)|Win32.ActiveCfg = Release (AMD)|Win32
		{D85DFC01-C1D3-43C5-9ACF-66C4C10EBF93}.Release (AMD)|Win32.Build.0 = Release (AMD)|Win32
		{D85DFC01-C1D3-43C5-9ACF-66C4C10EBF93}.Release (NVIDIA)|Win32.ActiveCfg = Release (NVIDIA)|Win32
		{D85DFC01-C1D3-43C5-9ACF-66C4C10EBF93}.Release (NVIDIA)|Win32.Build.0 = Release (NVIDIA)|Win32
		{7FF5798B-4B32-47F0-85F4-207B0C60921F}.Debug (AMD)|Win32.ActiveCfg = Debug|Win32
		{7FF5798B-4B32-47F0-85F4-207B0C60921F}.Debug (AMD)|Win32.Build.0 = Debug|Win32
		{7FF5798B-4B32-47F0-85F4-207B0C60921F}.Debug (NVIDIA)|Win32.ActiveCfg = Debug|Win32
		{7FF5798B-4B32-47F0-85F4-207B0C60921F}.Debug (NVIDIA)|Win32.Build.0 = Debug|Win32
		{7FF5798B-4B32-47F0-85F4-207B0C60921F}.Release (AMD)|Win32.ActiveCfg = Release|Win32
		{7FF5798B-4B32-47F0-85F4-207B0C60921F}.Release (AMD)|Win32.Build.0 = Release|Win32
		{7FF5798B-4B32-47F0-85F4-207B0C60921F}.Release (NVIDIA)|Win32.ActiveCfg = Release|Win32
		{7FF5798B-4B32-47F0-85F4-207B0C60921F}.Release (NVIDIA)|Win32.Build.0 = Release|Win32
		{65CCCC3E-1416-4B7B-A0F6-76BFEB7A2EB3}.Debug (AMD)|Win32.ActiveCfg = Debug|Win32
		{65CCCC3E-1416-4B7B-A0F6-76BFEB7A2EB3}.Debug (AMD)|Win32.Build.0 = Debug|Win32
		{65CCCC3E-1416-4B7B-A0F6-76BFEB7A2EB3}.Debug (NVIDIA)|Win32.ActiveCfg = Debug|Win32
		{65CCCC3E-1416-4B7B-A0F6-76BFEB7A2EB3}.Debug (NVIDIA)|Win32.Build.0 = Debug|Win32
		{65CCCC3E-1416-4B7B-A0F6-76BFEB7A2EB3}.Release (AMD)|Win32.ActiveCfg = Release|Win32
		{65CCCC3E-1416-4B7B-A0F6-76BFEB7A2EB3}.Release (AMD)|Win32.Build.0 = Release|Win32
		{65CCCC3E-1416-4B7B-A0F6-76BFEB7A2EB3}.Release (NVIDIA)|Win32.ActiveCfg = Release|Win32
		{65CCCC3E-1416-4B7B-A0F6-76BFEB7A2EB3}.Release (NVIDIA)|Win32.Build.0 = Release|Win32
		{E51C8C20-B005-4E20-8959-0E4BC6D607A6}.Debug (AMD)|Win32.ActiveCfg = Debug|Win32
		{E51C8C20-B005-4E20-8959-0E4BC6D607A6}.Debug (AMD)|Win32.Build.0 = Debug|Win32
		{E51C8C20-B005-4E20-8959-0E4BC6D607A6}.Debug (NVIDIA)|Win32.ActiveCfg = Debug|Win32
		{E51C8C20-B005-4E20-8959-0E4BC6D607A6}.Debug (NVIDIA)|Win32.Build.0 = Debug|Win32
		{E51C8C20-B005-4E20-8959-0E4BC6D607A6}.Release (AMD)|Win32.ActiveCfg = Release|Win32
		{E51C8C20-B005-4E20-8959-0E4BC6D607A6}.Release (AMD)|Win32.Build.0 = Release|Win32
		{E51C8C20-B005-4E20-8959-0E4BC6D607A6}.Release (NVIDIA)|Win32.ActiveCfg = Release|Win32
		{E51C8C20-B005-4E20-8959-0E4BC6D607A6}.Release (NVIDIA)|Win32.Build.0 = Release|Win32
		{D2D4733A-6BB7-4B8A-8043-F873A123EE02}.Debug (AMD)|Win32.ActiveCfg = Debug|Win32
		{D2D4733A-6BB7-4B8A-8043-F873A123EE02}.Debug (AMD)|Win32.Build.0 = Debug|Win32
		{D2D4733A-6BB7-4B8A-8043-F873A123EE02}.Debug (NVIDIA)|Win32.ActiveCfg = Debug|Win32
		{D2D4733A-6BB7-4B8A-8043-F873A123EE02}.Debug (NVIDIA)|Win32.Build.0 = Debug|Win32
		{D2D4733A-6BB7-4B8A-8043-F873A123EE02}.Release (AMD)|Win32.ActiveCfg = Release|Win32
		{D2D4733A-6BB7-4B8A-8043-F873A123EE02}.Release (AMD)|Win32.Build.0 = Release|Win32
		{D2D4733A-6BB7-4B8A-8043-F873A123EE02}.Release (NVIDIA)|Win32.ActiveCfg = Release|Win32
		{D2D4733A-6BB7-4B8A-8043-F873A123EE02}.Release (NVIDIA)|Win32.Build.0 = Release|Win32
		{2121A13B-9E9D-49E3-8E54-AFB7C9CF318A}.Debug (AMD)|Win32.ActiveCfg = Debug|Win32
		{2121A13B-9E9D-49E3-8E54-AFB7C9CF318A}.Debug (AMD)|Win32.Build.0 = Debug|Win32
		{2121A13B-9E9D-49E3-8E54-AFB7C9CF318A}.Debug (NVIDIA)|Win32.ActiveCfg = Debug|Win32
		{2121A13B-9E9D-49E3-8E54-AFB7C9CF318A}.Debug (NVIDIA)|Win32.Build.0 = Debug|Win32
		{2121A13B-9E9D-49E3-8E54-AFB7C9CF318A}.Release (AMD)|Win32.ActiveCfg = Release|Win32
		{2121A13B-9E9D-49E3-8E54-AFB7C9CF318A}.Release (AMD)|Win32.Build.0 = Release|Win32
		{2121A13B-9E9D-49E3-8E54-AFB7C9CF318A}.Release (NVIDIA)|Win32.ActiveCfg = Release|Win32
		{2121A13B-9E9D-49E3-8E54-AFB7C9CF318A}.Release (NVIDIA)|Win32.Build.0 = Release|Win32
		{6800AC0F-6EEB-4C8A-A594-21FED97FCCA3}.Debug (AMD)|Win32.ActiveCfg = Debug (AMD)|Win32
		{6800AC0F-6EEB-4C8A-A594-21FED97FCCA3}.Debug (AMD)|Win32.Build.0 = Debug (AMD)|Win32
		{6800AC0F-6EEB-4C8A-A594-21FED97FCCA3}.Debug (NVIDIA)|Win32.ActiveCfg = Debug (NVIDIA)|Win32
		{6800AC0F-6EEB-4C8A-A594-21FED97FCCA3}.Debug (NVIDIA)|Win32.Build.0 = Debug (NVIDIA)|Win32
		{6800AC0F-6EEB-4C8A-A594-21FED97FCCA3}.Release (AMD)|Win32.ActiveCfg = Release (AMD)|Win32
		{6800AC0F-6EEB-4C8A-A594-21FED97FCCA3}.Release (AMD)|Win32.Build.0 = Release (AMD)|Win32
		{6800AC0F-6EEB-4C8A-A594-21FED97FCCA3}.Release (NVIDIA)|Win32.ActiveCfg = Release (NVIDIA)|Win32
		{6800AC0F-6EEB-4C8A-A594-21FED97FCCA3}.Release (NVIDIA)|Win32.Build.0 = Release (NVIDIA)|Win32
>>>>>>> .r338
	EndGlobalSection
	GlobalSection(SolutionProperties) = preSolution
		HideSolutionNode = FALSE
	EndGlobalSection
	GlobalSection(NestedProjects) = preSolution
		{2C0CBF48-F1EC-47B4-B49C-D8E8131BB867} = {A9565D4A-9737-4D90-AF52-87619387E4E6}
		{9D2F121F-717A-4A96-AB28-7CD503F01413} = {A9565D4A-9737-4D90-AF52-87619387E4E6}
<<<<<<< .mine
=======
		{7FF5798B-4B32-47F0-85F4-207B0C60921F} = {5062BAE9-B114-4D0F-A9F0-EF701DFD0769}
		{65CCCC3E-1416-4B7B-A0F6-76BFEB7A2EB3} = {5062BAE9-B114-4D0F-A9F0-EF701DFD0769}
		{E51C8C20-B005-4E20-8959-0E4BC6D607A6} = {5062BAE9-B114-4D0F-A9F0-EF701DFD0769}
		{D2D4733A-6BB7-4B8A-8043-F873A123EE02} = {5062BAE9-B114-4D0F-A9F0-EF701DFD0769}
>>>>>>> .r338
		{2121A13B-9E9D-49E3-8E54-AFB7C9CF318A} = {5062BAE9-B114-4D0F-A9F0-EF701DFD0769}
		{A042E930-8049-4173-BD0B-E605DFE5F4BC} = {A8703A77-0135-4131-B8AE-A9E2B0D8DAAA}
		{C09BE8B1-3AB1-41A5-9342-AFDD90C093E0} = {A8703A77-0135-4131-B8AE-A9E2B0D8DAAA}
		{E51C8C20-B005-4E20-8959-0E4BC6D607A6} = {A8703A77-0135-4131-B8AE-A9E2B0D8DAAA}
		{65CCCC3E-1416-4B7B-A0F6-76BFEB7A2EB3} = {A8703A77-0135-4131-B8AE-A9E2B0D8DAAA}
		{6800AC0F-6EEB-4C8A-A594-21FED97FCCA3} = {A8703A77-0135-4131-B8AE-A9E2B0D8DAAA}
	EndGlobalSection
EndGlobal
