
Microsoft Visual Studio Solution File, Format Version 10.00
# Visual Studio 2008
# SharpDevelop 3.1.0.3802
Project("{2150E333-8FDC-42A3-9474-1A3956D46DE8}") = "Base Libraries", "Base Libraries", "{54B27778-D9ED-48E5-B23E-2C843A0D40DB}"
	ProjectSection(SolutionItems) = postProject
	EndProjectSection
EndProject
Project("{FAE04EC0-301F-11D3-BF4B-00C04F79EFBC}") = "Base Render Library", "Base Libraries\Base Render Library\Base Render Library.csproj", "{6B20AB31-0C91-4B2F-9F13-A8706AF3DF94}"
EndProject
Project("{FAE04EC0-301F-11D3-BF4B-00C04F79EFBC}") = "Base Math Library", "Base Libraries\Base Math Library\Base Math Library.csproj", "{32BE5E1A-A16A-4AA5-ACA6-448A3C38C705}"
EndProject
Global
	GlobalSection(SolutionConfigurationPlatforms) = preSolution
		Debug|Any CPU = Debug|Any CPU
		Release|Any CPU = Release|Any CPU
	EndGlobalSection
	GlobalSection(ProjectConfigurationPlatforms) = postSolution
		{32BE5E1A-A16A-4AA5-ACA6-448A3C38C705}.Debug|Any CPU.ActiveCfg = Debug|Any CPU
		{32BE5E1A-A16A-4AA5-ACA6-448A3C38C705}.Debug|Any CPU.Build.0 = Debug|Any CPU
		{32BE5E1A-A16A-4AA5-ACA6-448A3C38C705}.Release|Any CPU.ActiveCfg = Release|Any CPU
		{32BE5E1A-A16A-4AA5-ACA6-448A3C38C705}.Release|Any CPU.Build.0 = Release|Any CPU
		{6B20AB31-0C91-4B2F-9F13-A8706AF3DF94}.Debug|Any CPU.Build.0 = Debug|Any CPU
		{6B20AB31-0C91-4B2F-9F13-A8706AF3DF94}.Debug|Any CPU.ActiveCfg = Debug|Any CPU
		{6B20AB31-0C91-4B2F-9F13-A8706AF3DF94}.Release|Any CPU.Build.0 = Release|Any CPU
		{6B20AB31-0C91-4B2F-9F13-A8706AF3DF94}.Release|Any CPU.ActiveCfg = Release|Any CPU
	EndGlobalSection
	GlobalSection(SolutionProperties) = preSolution
		HideSolutionNode = FALSE
	EndGlobalSection
	GlobalSection(NestedProjects) = preSolution
		{32BE5E1A-A16A-4AA5-ACA6-448A3C38C705} = {54B27778-D9ED-48E5-B23E-2C843A0D40DB}
		{6B20AB31-0C91-4B2F-9F13-A8706AF3DF94} = {54B27778-D9ED-48E5-B23E-2C843A0D40DB}
	EndGlobalSection
EndGlobal
