
Microsoft Visual Studio Solution File, Format Version 10.00
# Visual Studio 2008
Project("{2150E333-8FDC-42A3-9474-1A3956D46DE8}") = "Base Libraries", "Base Libraries", "{96967118-3CF3-42B5-A1C6-A3D170559A68}"
EndProject
Project("{2150E333-8FDC-42A3-9474-1A3956D46DE8}") = "Support Libraries", "Support Libraries", "{DBEE9C7A-10D4-4B0D-8399-016A1F7EBFC0}"
EndProject
Project("{2150E333-8FDC-42A3-9474-1A3956D46DE8}") = "Test Suite", "Test Suite", "{2AA5FAF9-3008-4D0C-B556-4C0383DC3482}"
EndProject
Project("{8BC9CEB8-8B4A-11D0-8D11-00A0C91BC942}") = "Base Math Library", "Base Libraries\Base Math Library\Base Math Library.vcproj", "{F1AE1E13-6A0F-40F0-955A-D5B2ACFDFE31}"
EndProject
Project("{8BC9CEB8-8B4A-11D0-8D11-00A0C91BC942}") = "Base Render Library", "Base Libraries\Base Render Library\Base Render Library.vcproj", "{FC467132-3751-4CAA-AE40-128D83836414}"
EndProject
Project("{8BC9CEB8-8B4A-11D0-8D11-00A0C91BC942}") = "Support Raytracing Library", "Support Libraries\Support Raytracing Library\Support Raytracing Library.vcproj", "{865F9011-B492-439B-9EC5-AE421C7EBE44}"
EndProject
Project("{8BC9CEB8-8B4A-11D0-8D11-00A0C91BC942}") = "Shader Test", "Test Suite\Shader Test\Shader Test.vcproj", "{A07BEE71-B765-4477-950A-2DCDFE507D9F}"
EndProject
Project("{2150E333-8FDC-42A3-9474-1A3956D46DE8}") = "Unit Tests", "Unit Tests", "{13B154E5-9CF7-45CF-AF41-7ADA41567372}"
EndProject
Project("{8BC9CEB8-8B4A-11D0-8D11-00A0C91BC942}") = "UnitTests", "Unit Tests\UnitTests.vcproj", "{3F31779D-5CD1-4FD8-8420-3F73D2EB733B}"
EndProject
Project("{8BC9CEB8-8B4A-11D0-8D11-00A0C91BC942}") = "Math Test", "Test Suite\Math Test\Math Test.vcproj", "{B1D3F681-8CCC-47AE-BDF5-AC2695AD5F07}"
EndProject
Project("{8BC9CEB8-8B4A-11D0-8D11-00A0C91BC942}") = "Texture Test", "Test Suite\Texture Test\Texture Test.vcproj", "{7A3AEC2F-A85E-4754-9B39-D8BD0F4782D0}"
EndProject
Project("{8BC9CEB8-8B4A-11D0-8D11-00A0C91BC942}") = "FrameBuffer Test", "Test Suite\FrameBuffer Test\FrameBuffer Test.vcproj", "{A73D3FEB-8CB8-44A2-9709-B7B51824B3A9}"
EndProject
Project("{8BC9CEB8-8B4A-11D0-8D11-00A0C91BC942}") = "N-Bodies Test", "Test Suite\N-Bodies Test\N-Bodies Test.vcproj", "{2121A13B-9E9D-49E3-8E54-AFB7C9CF318A}"
EndProject
Global
	GlobalSection(SolutionConfigurationPlatforms) = preSolution
		Debug|Win32 = Debug|Win32
		Release|Win32 = Release|Win32
	EndGlobalSection
	GlobalSection(ProjectConfigurationPlatforms) = postSolution
		{F1AE1E13-6A0F-40F0-955A-D5B2ACFDFE31}.Debug|Win32.ActiveCfg = Debug|Win32
		{F1AE1E13-6A0F-40F0-955A-D5B2ACFDFE31}.Debug|Win32.Build.0 = Debug|Win32
		{F1AE1E13-6A0F-40F0-955A-D5B2ACFDFE31}.Release|Win32.ActiveCfg = Release|Win32
		{F1AE1E13-6A0F-40F0-955A-D5B2ACFDFE31}.Release|Win32.Build.0 = Release|Win32
		{FC467132-3751-4CAA-AE40-128D83836414}.Debug|Win32.ActiveCfg = Debug|Win32
		{FC467132-3751-4CAA-AE40-128D83836414}.Debug|Win32.Build.0 = Debug|Win32
		{FC467132-3751-4CAA-AE40-128D83836414}.Release|Win32.ActiveCfg = Release|Win32
		{FC467132-3751-4CAA-AE40-128D83836414}.Release|Win32.Build.0 = Release|Win32
		{865F9011-B492-439B-9EC5-AE421C7EBE44}.Debug|Win32.ActiveCfg = Debug|Win32
		{865F9011-B492-439B-9EC5-AE421C7EBE44}.Debug|Win32.Build.0 = Debug|Win32
		{865F9011-B492-439B-9EC5-AE421C7EBE44}.Release|Win32.ActiveCfg = Release|Win32
		{865F9011-B492-439B-9EC5-AE421C7EBE44}.Release|Win32.Build.0 = Release|Win32
		{A07BEE71-B765-4477-950A-2DCDFE507D9F}.Debug|Win32.ActiveCfg = Debug|Win32
		{A07BEE71-B765-4477-950A-2DCDFE507D9F}.Debug|Win32.Build.0 = Debug|Win32
		{A07BEE71-B765-4477-950A-2DCDFE507D9F}.Release|Win32.ActiveCfg = Release|Win32
		{A07BEE71-B765-4477-950A-2DCDFE507D9F}.Release|Win32.Build.0 = Release|Win32
		{3F31779D-5CD1-4FD8-8420-3F73D2EB733B}.Debug|Win32.ActiveCfg = Debug|Win32
		{3F31779D-5CD1-4FD8-8420-3F73D2EB733B}.Debug|Win32.Build.0 = Debug|Win32
		{3F31779D-5CD1-4FD8-8420-3F73D2EB733B}.Release|Win32.ActiveCfg = Release|Win32
		{3F31779D-5CD1-4FD8-8420-3F73D2EB733B}.Release|Win32.Build.0 = Release|Win32
		{B1D3F681-8CCC-47AE-BDF5-AC2695AD5F07}.Debug|Win32.ActiveCfg = Debug|Win32
		{B1D3F681-8CCC-47AE-BDF5-AC2695AD5F07}.Debug|Win32.Build.0 = Debug|Win32
		{B1D3F681-8CCC-47AE-BDF5-AC2695AD5F07}.Release|Win32.ActiveCfg = Release|Win32
		{B1D3F681-8CCC-47AE-BDF5-AC2695AD5F07}.Release|Win32.Build.0 = Release|Win32
		{7A3AEC2F-A85E-4754-9B39-D8BD0F4782D0}.Debug|Win32.ActiveCfg = Debug|Win32
		{7A3AEC2F-A85E-4754-9B39-D8BD0F4782D0}.Debug|Win32.Build.0 = Debug|Win32
		{7A3AEC2F-A85E-4754-9B39-D8BD0F4782D0}.Release|Win32.ActiveCfg = Release|Win32
		{7A3AEC2F-A85E-4754-9B39-D8BD0F4782D0}.Release|Win32.Build.0 = Release|Win32
		{A73D3FEB-8CB8-44A2-9709-B7B51824B3A9}.Debug|Win32.ActiveCfg = Debug|Win32
		{A73D3FEB-8CB8-44A2-9709-B7B51824B3A9}.Debug|Win32.Build.0 = Debug|Win32
		{A73D3FEB-8CB8-44A2-9709-B7B51824B3A9}.Release|Win32.ActiveCfg = Release|Win32
		{A73D3FEB-8CB8-44A2-9709-B7B51824B3A9}.Release|Win32.Build.0 = Release|Win32
		{2121A13B-9E9D-49E3-8E54-AFB7C9CF318A}.Debug|Win32.ActiveCfg = Debug|Win32
		{2121A13B-9E9D-49E3-8E54-AFB7C9CF318A}.Debug|Win32.Build.0 = Debug|Win32
		{2121A13B-9E9D-49E3-8E54-AFB7C9CF318A}.Release|Win32.ActiveCfg = Release|Win32
		{2121A13B-9E9D-49E3-8E54-AFB7C9CF318A}.Release|Win32.Build.0 = Release|Win32
	EndGlobalSection
	GlobalSection(SolutionProperties) = preSolution
		HideSolutionNode = FALSE
	EndGlobalSection
	GlobalSection(NestedProjects) = preSolution
		{F1AE1E13-6A0F-40F0-955A-D5B2ACFDFE31} = {96967118-3CF3-42B5-A1C6-A3D170559A68}
		{FC467132-3751-4CAA-AE40-128D83836414} = {96967118-3CF3-42B5-A1C6-A3D170559A68}
		{865F9011-B492-439B-9EC5-AE421C7EBE44} = {DBEE9C7A-10D4-4B0D-8399-016A1F7EBFC0}
		{A07BEE71-B765-4477-950A-2DCDFE507D9F} = {2AA5FAF9-3008-4D0C-B556-4C0383DC3482}
		{B1D3F681-8CCC-47AE-BDF5-AC2695AD5F07} = {2AA5FAF9-3008-4D0C-B556-4C0383DC3482}
		{7A3AEC2F-A85E-4754-9B39-D8BD0F4782D0} = {2AA5FAF9-3008-4D0C-B556-4C0383DC3482}
		{A73D3FEB-8CB8-44A2-9709-B7B51824B3A9} = {2AA5FAF9-3008-4D0C-B556-4C0383DC3482}
		{2121A13B-9E9D-49E3-8E54-AFB7C9CF318A} = {2AA5FAF9-3008-4D0C-B556-4C0383DC3482}
		{3F31779D-5CD1-4FD8-8420-3F73D2EB733B} = {13B154E5-9CF7-45CF-AF41-7ADA41567372}
	EndGlobalSection
EndGlobal
