
Microsoft Visual Studio Solution File, Format Version 10.00
# Visual Studio 2008
Project("{2150E333-8FDC-42A3-9474-1A3956D46DE8}") = "Base Libraries", "Base Libraries", "{96967118-3CF3-42B5-A1C6-A3D170559A68}"
EndProject
Project("{2150E333-8FDC-42A3-9474-1A3956D46DE8}") = "Test Suite", "Test Suite", "{2AA5FAF9-3008-4D0C-B556-4C0383DC3482}"
EndProject
Project("{8BC9CEB8-8B4A-11D0-8D11-00A0C91BC942}") = "Base Math Library", "Base Math Library\Base Math Library.vcproj", "{AE01A350-F727-46DA-87D9-803838599A29}"
EndProject
Project("{8BC9CEB8-8B4A-11D0-8D11-00A0C91BC942}") = "Base Render Library", "Base Render Library\Base Render Library.vcproj", "{63184D42-634C-4CD5-BACC-BEFE2BD6A850}"
EndProject
Project("{8BC9CEB8-8B4A-11D0-8D11-00A0C91BC942}") = "Base Compute Library", "Base Compute Library\Base Compute Library.vcproj", "{60A88C92-3163-46A9-8FCC-CFEB4AE6A7B6}"
EndProject
Project("{8BC9CEB8-8B4A-11D0-8D11-00A0C91BC942}") = "OpenGL Test", "OpenGL Test\OpenGL Test.vcproj", "{81FB0CFA-F58E-44BB-AB87-695AB281B9F8}"
EndProject
Global
	GlobalSection(SolutionConfigurationPlatforms) = preSolution
		Debug|Win32 = Debug|Win32
		DLL Debug|Win32 = DLL Debug|Win32
		DLL Release|Win32 = DLL Release|Win32
		DLL Unicode Debug|Win32 = DLL Unicode Debug|Win32
		DLL Unicode Release|Win32 = DLL Unicode Release|Win32
		DLL Universal Debug|Win32 = DLL Universal Debug|Win32
		DLL Universal Release|Win32 = DLL Universal Release|Win32
		DLL Universal Unicode Debug|Win32 = DLL Universal Unicode Debug|Win32
		DLL Universal Unicode Release|Win32 = DLL Universal Unicode Release|Win32
		Release|Win32 = Release|Win32
		Unicode Debug|Win32 = Unicode Debug|Win32
		Unicode Release|Win32 = Unicode Release|Win32
		Universal Debug|Win32 = Universal Debug|Win32
		Universal Release|Win32 = Universal Release|Win32
		Universal Unicode Debug|Win32 = Universal Unicode Debug|Win32
		Universal Unicode Release|Win32 = Universal Unicode Release|Win32
	EndGlobalSection
	GlobalSection(ProjectConfigurationPlatforms) = postSolution
		{AE01A350-F727-46DA-87D9-803838599A29}.Debug|Win32.ActiveCfg = Debug|Win32
		{AE01A350-F727-46DA-87D9-803838599A29}.Debug|Win32.Build.0 = Debug|Win32
		{AE01A350-F727-46DA-87D9-803838599A29}.DLL Debug|Win32.ActiveCfg = Debug|Win32
		{AE01A350-F727-46DA-87D9-803838599A29}.DLL Debug|Win32.Build.0 = Debug|Win32
		{AE01A350-F727-46DA-87D9-803838599A29}.DLL Release|Win32.ActiveCfg = Release|Win32
		{AE01A350-F727-46DA-87D9-803838599A29}.DLL Release|Win32.Build.0 = Release|Win32
		{AE01A350-F727-46DA-87D9-803838599A29}.DLL Unicode Debug|Win32.ActiveCfg = Debug|Win32
		{AE01A350-F727-46DA-87D9-803838599A29}.DLL Unicode Debug|Win32.Build.0 = Debug|Win32
		{AE01A350-F727-46DA-87D9-803838599A29}.DLL Unicode Release|Win32.ActiveCfg = Release|Win32
		{AE01A350-F727-46DA-87D9-803838599A29}.DLL Unicode Release|Win32.Build.0 = Release|Win32
		{AE01A350-F727-46DA-87D9-803838599A29}.DLL Universal Debug|Win32.ActiveCfg = Debug|Win32
		{AE01A350-F727-46DA-87D9-803838599A29}.DLL Universal Debug|Win32.Build.0 = Debug|Win32
		{AE01A350-F727-46DA-87D9-803838599A29}.DLL Universal Release|Win32.ActiveCfg = Release|Win32
		{AE01A350-F727-46DA-87D9-803838599A29}.DLL Universal Release|Win32.Build.0 = Release|Win32
		{AE01A350-F727-46DA-87D9-803838599A29}.DLL Universal Unicode Debug|Win32.ActiveCfg = Debug|Win32
		{AE01A350-F727-46DA-87D9-803838599A29}.DLL Universal Unicode Debug|Win32.Build.0 = Debug|Win32
		{AE01A350-F727-46DA-87D9-803838599A29}.DLL Universal Unicode Release|Win32.ActiveCfg = Release|Win32
		{AE01A350-F727-46DA-87D9-803838599A29}.DLL Universal Unicode Release|Win32.Build.0 = Release|Win32
		{AE01A350-F727-46DA-87D9-803838599A29}.Release|Win32.ActiveCfg = Release|Win32
		{AE01A350-F727-46DA-87D9-803838599A29}.Release|Win32.Build.0 = Release|Win32
		{AE01A350-F727-46DA-87D9-803838599A29}.Unicode Debug|Win32.ActiveCfg = Debug|Win32
		{AE01A350-F727-46DA-87D9-803838599A29}.Unicode Debug|Win32.Build.0 = Debug|Win32
		{AE01A350-F727-46DA-87D9-803838599A29}.Unicode Release|Win32.ActiveCfg = Release|Win32
		{AE01A350-F727-46DA-87D9-803838599A29}.Unicode Release|Win32.Build.0 = Release|Win32
		{AE01A350-F727-46DA-87D9-803838599A29}.Universal Debug|Win32.ActiveCfg = Debug|Win32
		{AE01A350-F727-46DA-87D9-803838599A29}.Universal Debug|Win32.Build.0 = Debug|Win32
		{AE01A350-F727-46DA-87D9-803838599A29}.Universal Release|Win32.ActiveCfg = Release|Win32
		{AE01A350-F727-46DA-87D9-803838599A29}.Universal Release|Win32.Build.0 = Release|Win32
		{AE01A350-F727-46DA-87D9-803838599A29}.Universal Unicode Debug|Win32.ActiveCfg = Debug|Win32
		{AE01A350-F727-46DA-87D9-803838599A29}.Universal Unicode Debug|Win32.Build.0 = Debug|Win32
		{AE01A350-F727-46DA-87D9-803838599A29}.Universal Unicode Release|Win32.ActiveCfg = Release|Win32
		{AE01A350-F727-46DA-87D9-803838599A29}.Universal Unicode Release|Win32.Build.0 = Release|Win32
		{63184D42-634C-4CD5-BACC-BEFE2BD6A850}.Debug|Win32.ActiveCfg = Debug|Win32
		{63184D42-634C-4CD5-BACC-BEFE2BD6A850}.Debug|Win32.Build.0 = Debug|Win32
		{63184D42-634C-4CD5-BACC-BEFE2BD6A850}.DLL Debug|Win32.ActiveCfg = Debug|Win32
		{63184D42-634C-4CD5-BACC-BEFE2BD6A850}.DLL Debug|Win32.Build.0 = Debug|Win32
		{63184D42-634C-4CD5-BACC-BEFE2BD6A850}.DLL Release|Win32.ActiveCfg = Release|Win32
		{63184D42-634C-4CD5-BACC-BEFE2BD6A850}.DLL Release|Win32.Build.0 = Release|Win32
		{63184D42-634C-4CD5-BACC-BEFE2BD6A850}.DLL Unicode Debug|Win32.ActiveCfg = Debug|Win32
		{63184D42-634C-4CD5-BACC-BEFE2BD6A850}.DLL Unicode Debug|Win32.Build.0 = Debug|Win32
		{63184D42-634C-4CD5-BACC-BEFE2BD6A850}.DLL Unicode Release|Win32.ActiveCfg = Release|Win32
		{63184D42-634C-4CD5-BACC-BEFE2BD6A850}.DLL Unicode Release|Win32.Build.0 = Release|Win32
		{63184D42-634C-4CD5-BACC-BEFE2BD6A850}.DLL Universal Debug|Win32.ActiveCfg = Debug|Win32
		{63184D42-634C-4CD5-BACC-BEFE2BD6A850}.DLL Universal Debug|Win32.Build.0 = Debug|Win32
		{63184D42-634C-4CD5-BACC-BEFE2BD6A850}.DLL Universal Release|Win32.ActiveCfg = Release|Win32
		{63184D42-634C-4CD5-BACC-BEFE2BD6A850}.DLL Universal Release|Win32.Build.0 = Release|Win32
		{63184D42-634C-4CD5-BACC-BEFE2BD6A850}.DLL Universal Unicode Debug|Win32.ActiveCfg = Debug|Win32
		{63184D42-634C-4CD5-BACC-BEFE2BD6A850}.DLL Universal Unicode Debug|Win32.Build.0 = Debug|Win32
		{63184D42-634C-4CD5-BACC-BEFE2BD6A850}.DLL Universal Unicode Release|Win32.ActiveCfg = Release|Win32
		{63184D42-634C-4CD5-BACC-BEFE2BD6A850}.DLL Universal Unicode Release|Win32.Build.0 = Release|Win32
		{63184D42-634C-4CD5-BACC-BEFE2BD6A850}.Release|Win32.ActiveCfg = Release|Win32
		{63184D42-634C-4CD5-BACC-BEFE2BD6A850}.Release|Win32.Build.0 = Release|Win32
		{63184D42-634C-4CD5-BACC-BEFE2BD6A850}.Unicode Debug|Win32.ActiveCfg = Debug|Win32
		{63184D42-634C-4CD5-BACC-BEFE2BD6A850}.Unicode Debug|Win32.Build.0 = Debug|Win32
		{63184D42-634C-4CD5-BACC-BEFE2BD6A850}.Unicode Release|Win32.ActiveCfg = Release|Win32
		{63184D42-634C-4CD5-BACC-BEFE2BD6A850}.Unicode Release|Win32.Build.0 = Release|Win32
		{63184D42-634C-4CD5-BACC-BEFE2BD6A850}.Universal Debug|Win32.ActiveCfg = Debug|Win32
		{63184D42-634C-4CD5-BACC-BEFE2BD6A850}.Universal Debug|Win32.Build.0 = Debug|Win32
		{63184D42-634C-4CD5-BACC-BEFE2BD6A850}.Universal Release|Win32.ActiveCfg = Release|Win32
		{63184D42-634C-4CD5-BACC-BEFE2BD6A850}.Universal Release|Win32.Build.0 = Release|Win32
		{63184D42-634C-4CD5-BACC-BEFE2BD6A850}.Universal Unicode Debug|Win32.ActiveCfg = Debug|Win32
		{63184D42-634C-4CD5-BACC-BEFE2BD6A850}.Universal Unicode Debug|Win32.Build.0 = Debug|Win32
		{63184D42-634C-4CD5-BACC-BEFE2BD6A850}.Universal Unicode Release|Win32.ActiveCfg = Release|Win32
		{63184D42-634C-4CD5-BACC-BEFE2BD6A850}.Universal Unicode Release|Win32.Build.0 = Release|Win32
		{60A88C92-3163-46A9-8FCC-CFEB4AE6A7B6}.Debug|Win32.ActiveCfg = Debug|Win32
		{60A88C92-3163-46A9-8FCC-CFEB4AE6A7B6}.Debug|Win32.Build.0 = Debug|Win32
		{60A88C92-3163-46A9-8FCC-CFEB4AE6A7B6}.DLL Debug|Win32.ActiveCfg = Debug|Win32
		{60A88C92-3163-46A9-8FCC-CFEB4AE6A7B6}.DLL Debug|Win32.Build.0 = Debug|Win32
		{60A88C92-3163-46A9-8FCC-CFEB4AE6A7B6}.DLL Release|Win32.ActiveCfg = Release|Win32
		{60A88C92-3163-46A9-8FCC-CFEB4AE6A7B6}.DLL Release|Win32.Build.0 = Release|Win32
		{60A88C92-3163-46A9-8FCC-CFEB4AE6A7B6}.DLL Unicode Debug|Win32.ActiveCfg = Debug|Win32
		{60A88C92-3163-46A9-8FCC-CFEB4AE6A7B6}.DLL Unicode Debug|Win32.Build.0 = Debug|Win32
		{60A88C92-3163-46A9-8FCC-CFEB4AE6A7B6}.DLL Unicode Release|Win32.ActiveCfg = Release|Win32
		{60A88C92-3163-46A9-8FCC-CFEB4AE6A7B6}.DLL Unicode Release|Win32.Build.0 = Release|Win32
		{60A88C92-3163-46A9-8FCC-CFEB4AE6A7B6}.DLL Universal Debug|Win32.ActiveCfg = Debug|Win32
		{60A88C92-3163-46A9-8FCC-CFEB4AE6A7B6}.DLL Universal Debug|Win32.Build.0 = Debug|Win32
		{60A88C92-3163-46A9-8FCC-CFEB4AE6A7B6}.DLL Universal Release|Win32.ActiveCfg = Release|Win32
		{60A88C92-3163-46A9-8FCC-CFEB4AE6A7B6}.DLL Universal Release|Win32.Build.0 = Release|Win32
		{60A88C92-3163-46A9-8FCC-CFEB4AE6A7B6}.DLL Universal Unicode Debug|Win32.ActiveCfg = Debug|Win32
		{60A88C92-3163-46A9-8FCC-CFEB4AE6A7B6}.DLL Universal Unicode Debug|Win32.Build.0 = Debug|Win32
		{60A88C92-3163-46A9-8FCC-CFEB4AE6A7B6}.DLL Universal Unicode Release|Win32.ActiveCfg = Release|Win32
		{60A88C92-3163-46A9-8FCC-CFEB4AE6A7B6}.DLL Universal Unicode Release|Win32.Build.0 = Release|Win32
		{60A88C92-3163-46A9-8FCC-CFEB4AE6A7B6}.Release|Win32.ActiveCfg = Release|Win32
		{60A88C92-3163-46A9-8FCC-CFEB4AE6A7B6}.Release|Win32.Build.0 = Release|Win32
		{60A88C92-3163-46A9-8FCC-CFEB4AE6A7B6}.Unicode Debug|Win32.ActiveCfg = Debug|Win32
		{60A88C92-3163-46A9-8FCC-CFEB4AE6A7B6}.Unicode Debug|Win32.Build.0 = Debug|Win32
		{60A88C92-3163-46A9-8FCC-CFEB4AE6A7B6}.Unicode Release|Win32.ActiveCfg = Release|Win32
		{60A88C92-3163-46A9-8FCC-CFEB4AE6A7B6}.Unicode Release|Win32.Build.0 = Release|Win32
		{60A88C92-3163-46A9-8FCC-CFEB4AE6A7B6}.Universal Debug|Win32.ActiveCfg = Debug|Win32
		{60A88C92-3163-46A9-8FCC-CFEB4AE6A7B6}.Universal Debug|Win32.Build.0 = Debug|Win32
		{60A88C92-3163-46A9-8FCC-CFEB4AE6A7B6}.Universal Release|Win32.ActiveCfg = Release|Win32
		{60A88C92-3163-46A9-8FCC-CFEB4AE6A7B6}.Universal Release|Win32.Build.0 = Release|Win32
		{60A88C92-3163-46A9-8FCC-CFEB4AE6A7B6}.Universal Unicode Debug|Win32.ActiveCfg = Debug|Win32
		{60A88C92-3163-46A9-8FCC-CFEB4AE6A7B6}.Universal Unicode Debug|Win32.Build.0 = Debug|Win32
		{60A88C92-3163-46A9-8FCC-CFEB4AE6A7B6}.Universal Unicode Release|Win32.ActiveCfg = Release|Win32
		{60A88C92-3163-46A9-8FCC-CFEB4AE6A7B6}.Universal Unicode Release|Win32.Build.0 = Release|Win32
		{81FB0CFA-F58E-44BB-AB87-695AB281B9F8}.Debug|Win32.ActiveCfg = Debug|Win32
		{81FB0CFA-F58E-44BB-AB87-695AB281B9F8}.Debug|Win32.Build.0 = Debug|Win32
		{81FB0CFA-F58E-44BB-AB87-695AB281B9F8}.DLL Debug|Win32.ActiveCfg = DLL Debug|Win32
		{81FB0CFA-F58E-44BB-AB87-695AB281B9F8}.DLL Debug|Win32.Build.0 = DLL Debug|Win32
		{81FB0CFA-F58E-44BB-AB87-695AB281B9F8}.DLL Release|Win32.ActiveCfg = DLL Release|Win32
		{81FB0CFA-F58E-44BB-AB87-695AB281B9F8}.DLL Release|Win32.Build.0 = DLL Release|Win32
		{81FB0CFA-F58E-44BB-AB87-695AB281B9F8}.DLL Unicode Debug|Win32.ActiveCfg = DLL Unicode Debug|Win32
		{81FB0CFA-F58E-44BB-AB87-695AB281B9F8}.DLL Unicode Debug|Win32.Build.0 = DLL Unicode Debug|Win32
		{81FB0CFA-F58E-44BB-AB87-695AB281B9F8}.DLL Unicode Release|Win32.ActiveCfg = DLL Unicode Release|Win32
		{81FB0CFA-F58E-44BB-AB87-695AB281B9F8}.DLL Unicode Release|Win32.Build.0 = DLL Unicode Release|Win32
		{81FB0CFA-F58E-44BB-AB87-695AB281B9F8}.DLL Universal Debug|Win32.ActiveCfg = DLL Universal Debug|Win32
		{81FB0CFA-F58E-44BB-AB87-695AB281B9F8}.DLL Universal Debug|Win32.Build.0 = DLL Universal Debug|Win32
		{81FB0CFA-F58E-44BB-AB87-695AB281B9F8}.DLL Universal Release|Win32.ActiveCfg = DLL Universal Release|Win32
		{81FB0CFA-F58E-44BB-AB87-695AB281B9F8}.DLL Universal Release|Win32.Build.0 = DLL Universal Release|Win32
		{81FB0CFA-F58E-44BB-AB87-695AB281B9F8}.DLL Universal Unicode Debug|Win32.ActiveCfg = DLL Universal Unicode Debug|Win32
		{81FB0CFA-F58E-44BB-AB87-695AB281B9F8}.DLL Universal Unicode Debug|Win32.Build.0 = DLL Universal Unicode Debug|Win32
		{81FB0CFA-F58E-44BB-AB87-695AB281B9F8}.DLL Universal Unicode Release|Win32.ActiveCfg = DLL Universal Unicode Release|Win32
		{81FB0CFA-F58E-44BB-AB87-695AB281B9F8}.DLL Universal Unicode Release|Win32.Build.0 = DLL Universal Unicode Release|Win32
		{81FB0CFA-F58E-44BB-AB87-695AB281B9F8}.Release|Win32.ActiveCfg = Release|Win32
		{81FB0CFA-F58E-44BB-AB87-695AB281B9F8}.Release|Win32.Build.0 = Release|Win32
		{81FB0CFA-F58E-44BB-AB87-695AB281B9F8}.Unicode Debug|Win32.ActiveCfg = Unicode Debug|Win32
		{81FB0CFA-F58E-44BB-AB87-695AB281B9F8}.Unicode Debug|Win32.Build.0 = Unicode Debug|Win32
		{81FB0CFA-F58E-44BB-AB87-695AB281B9F8}.Unicode Release|Win32.ActiveCfg = Unicode Release|Win32
		{81FB0CFA-F58E-44BB-AB87-695AB281B9F8}.Unicode Release|Win32.Build.0 = Unicode Release|Win32
		{81FB0CFA-F58E-44BB-AB87-695AB281B9F8}.Universal Debug|Win32.ActiveCfg = Universal Debug|Win32
		{81FB0CFA-F58E-44BB-AB87-695AB281B9F8}.Universal Debug|Win32.Build.0 = Universal Debug|Win32
		{81FB0CFA-F58E-44BB-AB87-695AB281B9F8}.Universal Release|Win32.ActiveCfg = Universal Release|Win32
		{81FB0CFA-F58E-44BB-AB87-695AB281B9F8}.Universal Release|Win32.Build.0 = Universal Release|Win32
		{81FB0CFA-F58E-44BB-AB87-695AB281B9F8}.Universal Unicode Debug|Win32.ActiveCfg = Universal Unicode Debug|Win32
		{81FB0CFA-F58E-44BB-AB87-695AB281B9F8}.Universal Unicode Debug|Win32.Build.0 = Universal Unicode Debug|Win32
		{81FB0CFA-F58E-44BB-AB87-695AB281B9F8}.Universal Unicode Release|Win32.ActiveCfg = Universal Unicode Release|Win32
		{81FB0CFA-F58E-44BB-AB87-695AB281B9F8}.Universal Unicode Release|Win32.Build.0 = Universal Unicode Release|Win32
	EndGlobalSection
	GlobalSection(SolutionProperties) = preSolution
		HideSolutionNode = FALSE
	EndGlobalSection
	GlobalSection(NestedProjects) = preSolution
		{AE01A350-F727-46DA-87D9-803838599A29} = {96967118-3CF3-42B5-A1C6-A3D170559A68}
		{63184D42-634C-4CD5-BACC-BEFE2BD6A850} = {96967118-3CF3-42B5-A1C6-A3D170559A68}
		{60A88C92-3163-46A9-8FCC-CFEB4AE6A7B6} = {96967118-3CF3-42B5-A1C6-A3D170559A68}
		{81FB0CFA-F58E-44BB-AB87-695AB281B9F8} = {2AA5FAF9-3008-4D0C-B556-4C0383DC3482}
	EndGlobalSection
EndGlobal
