
Microsoft Visual Studio Solution File, Format Version 9.00
# Visual Studio 2005
Project("{8BC9CEB8-8B4A-11D0-8D11-00A0C91BC942}") = "ClockerPlugIn", "ClockerPlugIn\ClockerPlugIn.vcproj", "{75B35A7B-C0DD-43C1-AA25-EFF8E4C0F2CB}"
	ProjectSection(ProjectDependencies) = postProject
		{0C8DDCF9-06CA-4B44-B6B4-05A430ECA815} = {0C8DDCF9-06CA-4B44-B6B4-05A430ECA815}
	EndProjectSection
EndProject
Project("{8BC9CEB8-8B4A-11D0-8D11-00A0C91BC942}") = "CppUnitTestApp", "msvc6\CppUnitTestApp\CppUnitTestApp.vcproj", "{441135FE-4563-4B87-AE5B-D41263D72D1F}"
	ProjectSection(ProjectDependencies) = postProject
		{E0BFF58C-6536-414C-86E2-87E9AD3430AD} = {E0BFF58C-6536-414C-86E2-87E9AD3430AD}
	EndProjectSection
EndProject
Project("{8BC9CEB8-8B4A-11D0-8D11-00A0C91BC942}") = "CppUnitTestMain", "cppunittest\CppUnitTestMain.vcproj", "{89FC8C68-265F-4E00-BE75-E24246302F73}"
	ProjectSection(ProjectDependencies) = postProject
		{0C8DDCF9-06CA-4B44-B6B4-05A430ECA815} = {0C8DDCF9-06CA-4B44-B6B4-05A430ECA815}
		{F0255735-A71B-4BBA-9C05-B0C9B5D1B0CA} = {F0255735-A71B-4BBA-9C05-B0C9B5D1B0CA}
	EndProjectSection
EndProject
Project("{8BC9CEB8-8B4A-11D0-8D11-00A0C91BC942}") = "CppUnitTestPlugIn", "cppunittest\CppUnitTestPlugIn.vcproj", "{29F2501A-6EB3-48AB-AA48-9F57225825C8}"
	ProjectSection(ProjectDependencies) = postProject
		{0C8DDCF9-06CA-4B44-B6B4-05A430ECA815} = {0C8DDCF9-06CA-4B44-B6B4-05A430ECA815}
	EndProjectSection
EndProject
Project("{8BC9CEB8-8B4A-11D0-8D11-00A0C91BC942}") = "DllPlugInTester", "..\src\DllPlugInTester\DllPlugInTester.vcproj", "{AA56B518-58DE-41A4-BEC9-A838154FAF5B}"
	ProjectSection(ProjectDependencies) = postProject
		{0C8DDCF9-06CA-4B44-B6B4-05A430ECA815} = {0C8DDCF9-06CA-4B44-B6B4-05A430ECA815}
	EndProjectSection
EndProject
Project("{8BC9CEB8-8B4A-11D0-8D11-00A0C91BC942}") = "DllPlugInTesterTest", "..\src\DllPlugInTester\DllPlugInTesterTest.vcproj", "{85EBB095-35C1-4F42-B40E-CBF7BDEF8B2B}"
EndProject
Project("{8BC9CEB8-8B4A-11D0-8D11-00A0C91BC942}") = "DumperPlugIn", "DumperPlugIn\DumperPlugIn.vcproj", "{199CB488-20E6-4678-970A-4CCB4A1655F6}"
	ProjectSection(ProjectDependencies) = postProject
		{0C8DDCF9-06CA-4B44-B6B4-05A430ECA815} = {0C8DDCF9-06CA-4B44-B6B4-05A430ECA815}
	EndProjectSection
EndProject
Project("{8BC9CEB8-8B4A-11D0-8D11-00A0C91BC942}") = "HostApp", "msvc6\HostApp\HostApp.vcproj", "{6E484568-4975-423A-B91B-EB036A680582}"
	ProjectSection(ProjectDependencies) = postProject
		{E0BFF58C-6536-414C-86E2-87E9AD3430AD} = {E0BFF58C-6536-414C-86E2-87E9AD3430AD}
	EndProjectSection
EndProject
Project("{8BC9CEB8-8B4A-11D0-8D11-00A0C91BC942}") = "TestPlugInRunner", "..\src\msvc6\testpluginrunner\TestPlugInRunner.vcproj", "{3AFA97D4-DF27-4D07-9EB8-34D3A02416FE}"
	ProjectSection(ProjectDependencies) = postProject
		{0C8DDCF9-06CA-4B44-B6B4-05A430ECA815} = {0C8DDCF9-06CA-4B44-B6B4-05A430ECA815}
	EndProjectSection
EndProject
Project("{8BC9CEB8-8B4A-11D0-8D11-00A0C91BC942}") = "TestRunner", "..\src\msvc6\testrunner\TestRunner.vcproj", "{E0BFF58C-6536-414C-86E2-87E9AD3430AD}"
	ProjectSection(ProjectDependencies) = postProject
		{F0255735-A71B-4BBA-9C05-B0C9B5D1B0CA} = {F0255735-A71B-4BBA-9C05-B0C9B5D1B0CA}
	EndProjectSection
EndProject
Project("{8BC9CEB8-8B4A-11D0-8D11-00A0C91BC942}") = "cppunit", "..\src\cppunit\cppunit.vcproj", "{F0255735-A71B-4BBA-9C05-B0C9B5D1B0CA}"
EndProject
Project("{8BC9CEB8-8B4A-11D0-8D11-00A0C91BC942}") = "cppunit_dll", "..\src\cppunit\cppunit_dll.vcproj", "{0C8DDCF9-06CA-4B44-B6B4-05A430ECA815}"
EndProject
Project("{8BC9CEB8-8B4A-11D0-8D11-00A0C91BC942}") = "hierarchy", "hierarchy\hierarchy.vcproj", "{F32CC185-5B92-4FDA-BE98-0E36E36F5951}"
	ProjectSection(ProjectDependencies) = postProject
		{F0255735-A71B-4BBA-9C05-B0C9B5D1B0CA} = {F0255735-A71B-4BBA-9C05-B0C9B5D1B0CA}
	EndProjectSection
EndProject
Project("{8BC9CEB8-8B4A-11D0-8D11-00A0C91BC942}") = "money", "money\money.vcproj", "{B4E99F90-24AF-4AF9-B142-68D6AA364FD6}"
	ProjectSection(ProjectDependencies) = postProject
		{F0255735-A71B-4BBA-9C05-B0C9B5D1B0CA} = {F0255735-A71B-4BBA-9C05-B0C9B5D1B0CA}
	EndProjectSection
EndProject
Project("{8BC9CEB8-8B4A-11D0-8D11-00A0C91BC942}") = "simple", "simple\simple.vcproj", "{A7055D65-8EF6-430C-8F64-7F5E719EB65E}"
	ProjectSection(ProjectDependencies) = postProject
		{F0255735-A71B-4BBA-9C05-B0C9B5D1B0CA} = {F0255735-A71B-4BBA-9C05-B0C9B5D1B0CA}
	EndProjectSection
EndProject
Project("{8BC9CEB8-8B4A-11D0-8D11-00A0C91BC942}") = "simple_plugin", "SIMPLE\simple_plugin.vcproj", "{ED7F0C50-7251-4D8E-A329-0EE8817267A0}"
	ProjectSection(ProjectDependencies) = postProject
		{AA56B518-58DE-41A4-BEC9-A838154FAF5B} = {AA56B518-58DE-41A4-BEC9-A838154FAF5B}
		{0C8DDCF9-06CA-4B44-B6B4-05A430ECA815} = {0C8DDCF9-06CA-4B44-B6B4-05A430ECA815}
	EndProjectSection
EndProject
Global
	GlobalSection(SolutionConfigurationPlatforms) = preSolution
		Debug DLL|Win32 = Debug DLL|Win32
		Debug No Type Info Name|Win32 = Debug No Type Info Name|Win32
		Debug NtTimer|Win32 = Debug NtTimer|Win32
		Debug Static|Win32 = Debug Static|Win32
		Debug Unicode|Win32 = Debug Unicode|Win32
		Debug|Win32 = Debug|Win32
		Release DLL|Win32 = Release DLL|Win32
		Release Static|Win32 = Release Static|Win32
		Release Unicode|Win32 = Release Unicode|Win32
		Release|Win32 = Release|Win32
	EndGlobalSection
	GlobalSection(ProjectConfigurationPlatforms) = postSolution
		{75B35A7B-C0DD-43C1-AA25-EFF8E4C0F2CB}.Debug DLL|Win32.ActiveCfg = Debug NtTimer|Win32
		{75B35A7B-C0DD-43C1-AA25-EFF8E4C0F2CB}.Debug DLL|Win32.Build.0 = Debug NtTimer|Win32
		{75B35A7B-C0DD-43C1-AA25-EFF8E4C0F2CB}.Debug No Type Info Name|Win32.ActiveCfg = Debug NtTimer|Win32
		{75B35A7B-C0DD-43C1-AA25-EFF8E4C0F2CB}.Debug No Type Info Name|Win32.Build.0 = Debug NtTimer|Win32
		{75B35A7B-C0DD-43C1-AA25-EFF8E4C0F2CB}.Debug NtTimer|Win32.ActiveCfg = Debug NtTimer|Win32
		{75B35A7B-C0DD-43C1-AA25-EFF8E4C0F2CB}.Debug NtTimer|Win32.Build.0 = Debug NtTimer|Win32
		{75B35A7B-C0DD-43C1-AA25-EFF8E4C0F2CB}.Debug Static|Win32.ActiveCfg = Debug NtTimer|Win32
		{75B35A7B-C0DD-43C1-AA25-EFF8E4C0F2CB}.Debug Static|Win32.Build.0 = Debug NtTimer|Win32
		{75B35A7B-C0DD-43C1-AA25-EFF8E4C0F2CB}.Debug Unicode|Win32.ActiveCfg = Debug NtTimer|Win32
		{75B35A7B-C0DD-43C1-AA25-EFF8E4C0F2CB}.Debug Unicode|Win32.Build.0 = Debug NtTimer|Win32
		{75B35A7B-C0DD-43C1-AA25-EFF8E4C0F2CB}.Debug|Win32.ActiveCfg = Debug|Win32
		{75B35A7B-C0DD-43C1-AA25-EFF8E4C0F2CB}.Debug|Win32.Build.0 = Debug|Win32
		{75B35A7B-C0DD-43C1-AA25-EFF8E4C0F2CB}.Release DLL|Win32.ActiveCfg = Release|Win32
		{75B35A7B-C0DD-43C1-AA25-EFF8E4C0F2CB}.Release DLL|Win32.Build.0 = Release|Win32
		{75B35A7B-C0DD-43C1-AA25-EFF8E4C0F2CB}.Release Static|Win32.ActiveCfg = Release|Win32
		{75B35A7B-C0DD-43C1-AA25-EFF8E4C0F2CB}.Release Static|Win32.Build.0 = Release|Win32
		{75B35A7B-C0DD-43C1-AA25-EFF8E4C0F2CB}.Release Unicode|Win32.ActiveCfg = Release|Win32
		{75B35A7B-C0DD-43C1-AA25-EFF8E4C0F2CB}.Release Unicode|Win32.Build.0 = Release|Win32
		{75B35A7B-C0DD-43C1-AA25-EFF8E4C0F2CB}.Release|Win32.ActiveCfg = Release|Win32
		{75B35A7B-C0DD-43C1-AA25-EFF8E4C0F2CB}.Release|Win32.Build.0 = Release|Win32
		{441135FE-4563-4B87-AE5B-D41263D72D1F}.Debug DLL|Win32.ActiveCfg = Debug|Win32
		{441135FE-4563-4B87-AE5B-D41263D72D1F}.Debug DLL|Win32.Build.0 = Debug|Win32
		{441135FE-4563-4B87-AE5B-D41263D72D1F}.Debug No Type Info Name|Win32.ActiveCfg = Debug|Win32
		{441135FE-4563-4B87-AE5B-D41263D72D1F}.Debug No Type Info Name|Win32.Build.0 = Debug|Win32
		{441135FE-4563-4B87-AE5B-D41263D72D1F}.Debug NtTimer|Win32.ActiveCfg = Debug|Win32
		{441135FE-4563-4B87-AE5B-D41263D72D1F}.Debug NtTimer|Win32.Build.0 = Debug|Win32
		{441135FE-4563-4B87-AE5B-D41263D72D1F}.Debug Static|Win32.ActiveCfg = Debug|Win32
		{441135FE-4563-4B87-AE5B-D41263D72D1F}.Debug Static|Win32.Build.0 = Debug|Win32
		{441135FE-4563-4B87-AE5B-D41263D72D1F}.Debug Unicode|Win32.ActiveCfg = Debug|Win32
		{441135FE-4563-4B87-AE5B-D41263D72D1F}.Debug Unicode|Win32.Build.0 = Debug|Win32
		{441135FE-4563-4B87-AE5B-D41263D72D1F}.Debug|Win32.ActiveCfg = Debug|Win32
		{441135FE-4563-4B87-AE5B-D41263D72D1F}.Debug|Win32.Build.0 = Debug|Win32
		{441135FE-4563-4B87-AE5B-D41263D72D1F}.Release DLL|Win32.ActiveCfg = Release|Win32
		{441135FE-4563-4B87-AE5B-D41263D72D1F}.Release DLL|Win32.Build.0 = Release|Win32
		{441135FE-4563-4B87-AE5B-D41263D72D1F}.Release Static|Win32.ActiveCfg = Release|Win32
		{441135FE-4563-4B87-AE5B-D41263D72D1F}.Release Static|Win32.Build.0 = Release|Win32
		{441135FE-4563-4B87-AE5B-D41263D72D1F}.Release Unicode|Win32.ActiveCfg = Release|Win32
		{441135FE-4563-4B87-AE5B-D41263D72D1F}.Release Unicode|Win32.Build.0 = Release|Win32
		{441135FE-4563-4B87-AE5B-D41263D72D1F}.Release|Win32.ActiveCfg = Release|Win32
		{441135FE-4563-4B87-AE5B-D41263D72D1F}.Release|Win32.Build.0 = Release|Win32
		{89FC8C68-265F-4E00-BE75-E24246302F73}.Debug DLL|Win32.ActiveCfg = Debug DLL|Win32
		{89FC8C68-265F-4E00-BE75-E24246302F73}.Debug DLL|Win32.Build.0 = Debug DLL|Win32
		{89FC8C68-265F-4E00-BE75-E24246302F73}.Debug No Type Info Name|Win32.ActiveCfg = Debug DLL|Win32
		{89FC8C68-265F-4E00-BE75-E24246302F73}.Debug No Type Info Name|Win32.Build.0 = Debug DLL|Win32
		{89FC8C68-265F-4E00-BE75-E24246302F73}.Debug NtTimer|Win32.ActiveCfg = Debug DLL|Win32
		{89FC8C68-265F-4E00-BE75-E24246302F73}.Debug NtTimer|Win32.Build.0 = Debug DLL|Win32
		{89FC8C68-265F-4E00-BE75-E24246302F73}.Debug Static|Win32.ActiveCfg = Debug DLL|Win32
		{89FC8C68-265F-4E00-BE75-E24246302F73}.Debug Static|Win32.Build.0 = Debug DLL|Win32
		{89FC8C68-265F-4E00-BE75-E24246302F73}.Debug Unicode|Win32.ActiveCfg = Debug DLL|Win32
		{89FC8C68-265F-4E00-BE75-E24246302F73}.Debug Unicode|Win32.Build.0 = Debug DLL|Win32
		{89FC8C68-265F-4E00-BE75-E24246302F73}.Debug|Win32.ActiveCfg = Debug|Win32
		{89FC8C68-265F-4E00-BE75-E24246302F73}.Debug|Win32.Build.0 = Debug|Win32
		{89FC8C68-265F-4E00-BE75-E24246302F73}.Release DLL|Win32.ActiveCfg = Release DLL|Win32
		{89FC8C68-265F-4E00-BE75-E24246302F73}.Release DLL|Win32.Build.0 = Release DLL|Win32
		{89FC8C68-265F-4E00-BE75-E24246302F73}.Release Static|Win32.ActiveCfg = Release DLL|Win32
		{89FC8C68-265F-4E00-BE75-E24246302F73}.Release Static|Win32.Build.0 = Release DLL|Win32
		{89FC8C68-265F-4E00-BE75-E24246302F73}.Release Unicode|Win32.ActiveCfg = Release DLL|Win32
		{89FC8C68-265F-4E00-BE75-E24246302F73}.Release Unicode|Win32.Build.0 = Release DLL|Win32
		{89FC8C68-265F-4E00-BE75-E24246302F73}.Release|Win32.ActiveCfg = Release|Win32
		{89FC8C68-265F-4E00-BE75-E24246302F73}.Release|Win32.Build.0 = Release|Win32
		{29F2501A-6EB3-48AB-AA48-9F57225825C8}.Debug DLL|Win32.ActiveCfg = Debug|Win32
		{29F2501A-6EB3-48AB-AA48-9F57225825C8}.Debug DLL|Win32.Build.0 = Debug|Win32
		{29F2501A-6EB3-48AB-AA48-9F57225825C8}.Debug No Type Info Name|Win32.ActiveCfg = Debug|Win32
		{29F2501A-6EB3-48AB-AA48-9F57225825C8}.Debug No Type Info Name|Win32.Build.0 = Debug|Win32
		{29F2501A-6EB3-48AB-AA48-9F57225825C8}.Debug NtTimer|Win32.ActiveCfg = Debug|Win32
		{29F2501A-6EB3-48AB-AA48-9F57225825C8}.Debug NtTimer|Win32.Build.0 = Debug|Win32
		{29F2501A-6EB3-48AB-AA48-9F57225825C8}.Debug Static|Win32.ActiveCfg = Debug|Win32
		{29F2501A-6EB3-48AB-AA48-9F57225825C8}.Debug Static|Win32.Build.0 = Debug|Win32
		{29F2501A-6EB3-48AB-AA48-9F57225825C8}.Debug Unicode|Win32.ActiveCfg = Debug|Win32
		{29F2501A-6EB3-48AB-AA48-9F57225825C8}.Debug Unicode|Win32.Build.0 = Debug|Win32
		{29F2501A-6EB3-48AB-AA48-9F57225825C8}.Debug|Win32.ActiveCfg = Debug|Win32
		{29F2501A-6EB3-48AB-AA48-9F57225825C8}.Debug|Win32.Build.0 = Debug|Win32
		{29F2501A-6EB3-48AB-AA48-9F57225825C8}.Release DLL|Win32.ActiveCfg = Release|Win32
		{29F2501A-6EB3-48AB-AA48-9F57225825C8}.Release DLL|Win32.Build.0 = Release|Win32
		{29F2501A-6EB3-48AB-AA48-9F57225825C8}.Release Static|Win32.ActiveCfg = Release|Win32
		{29F2501A-6EB3-48AB-AA48-9F57225825C8}.Release Static|Win32.Build.0 = Release|Win32
		{29F2501A-6EB3-48AB-AA48-9F57225825C8}.Release Unicode|Win32.ActiveCfg = Release|Win32
		{29F2501A-6EB3-48AB-AA48-9F57225825C8}.Release Unicode|Win32.Build.0 = Release|Win32
		{29F2501A-6EB3-48AB-AA48-9F57225825C8}.Release|Win32.ActiveCfg = Release|Win32
		{29F2501A-6EB3-48AB-AA48-9F57225825C8}.Release|Win32.Build.0 = Release|Win32
		{AA56B518-58DE-41A4-BEC9-A838154FAF5B}.Debug DLL|Win32.ActiveCfg = Debug Unicode|Win32
		{AA56B518-58DE-41A4-BEC9-A838154FAF5B}.Debug DLL|Win32.Build.0 = Debug Unicode|Win32
		{AA56B518-58DE-41A4-BEC9-A838154FAF5B}.Debug No Type Info Name|Win32.ActiveCfg = Debug Unicode|Win32
		{AA56B518-58DE-41A4-BEC9-A838154FAF5B}.Debug No Type Info Name|Win32.Build.0 = Debug Unicode|Win32
		{AA56B518-58DE-41A4-BEC9-A838154FAF5B}.Debug NtTimer|Win32.ActiveCfg = Debug Unicode|Win32
		{AA56B518-58DE-41A4-BEC9-A838154FAF5B}.Debug NtTimer|Win32.Build.0 = Debug Unicode|Win32
		{AA56B518-58DE-41A4-BEC9-A838154FAF5B}.Debug Static|Win32.ActiveCfg = Debug Static|Win32
		{AA56B518-58DE-41A4-BEC9-A838154FAF5B}.Debug Static|Win32.Build.0 = Debug Static|Win32
		{AA56B518-58DE-41A4-BEC9-A838154FAF5B}.Debug Unicode|Win32.ActiveCfg = Debug Unicode|Win32
		{AA56B518-58DE-41A4-BEC9-A838154FAF5B}.Debug Unicode|Win32.Build.0 = Debug Unicode|Win32
		{AA56B518-58DE-41A4-BEC9-A838154FAF5B}.Debug|Win32.ActiveCfg = Debug|Win32
		{AA56B518-58DE-41A4-BEC9-A838154FAF5B}.Debug|Win32.Build.0 = Debug|Win32
		{AA56B518-58DE-41A4-BEC9-A838154FAF5B}.Release DLL|Win32.ActiveCfg = Release Static|Win32
		{AA56B518-58DE-41A4-BEC9-A838154FAF5B}.Release DLL|Win32.Build.0 = Release Static|Win32
		{AA56B518-58DE-41A4-BEC9-A838154FAF5B}.Release Static|Win32.ActiveCfg = Release Static|Win32
		{AA56B518-58DE-41A4-BEC9-A838154FAF5B}.Release Static|Win32.Build.0 = Release Static|Win32
		{AA56B518-58DE-41A4-BEC9-A838154FAF5B}.Release Unicode|Win32.ActiveCfg = Release Unicode|Win32
		{AA56B518-58DE-41A4-BEC9-A838154FAF5B}.Release Unicode|Win32.Build.0 = Release Unicode|Win32
		{AA56B518-58DE-41A4-BEC9-A838154FAF5B}.Release|Win32.ActiveCfg = Release|Win32
		{AA56B518-58DE-41A4-BEC9-A838154FAF5B}.Release|Win32.Build.0 = Release|Win32
		{85EBB095-35C1-4F42-B40E-CBF7BDEF8B2B}.Debug DLL|Win32.ActiveCfg = Debug|Win32
		{85EBB095-35C1-4F42-B40E-CBF7BDEF8B2B}.Debug DLL|Win32.Build.0 = Debug|Win32
		{85EBB095-35C1-4F42-B40E-CBF7BDEF8B2B}.Debug No Type Info Name|Win32.ActiveCfg = Debug|Win32
		{85EBB095-35C1-4F42-B40E-CBF7BDEF8B2B}.Debug No Type Info Name|Win32.Build.0 = Debug|Win32
		{85EBB095-35C1-4F42-B40E-CBF7BDEF8B2B}.Debug NtTimer|Win32.ActiveCfg = Debug|Win32
		{85EBB095-35C1-4F42-B40E-CBF7BDEF8B2B}.Debug NtTimer|Win32.Build.0 = Debug|Win32
		{85EBB095-35C1-4F42-B40E-CBF7BDEF8B2B}.Debug Static|Win32.ActiveCfg = Debug|Win32
		{85EBB095-35C1-4F42-B40E-CBF7BDEF8B2B}.Debug Static|Win32.Build.0 = Debug|Win32
		{85EBB095-35C1-4F42-B40E-CBF7BDEF8B2B}.Debug Unicode|Win32.ActiveCfg = Debug|Win32
		{85EBB095-35C1-4F42-B40E-CBF7BDEF8B2B}.Debug Unicode|Win32.Build.0 = Debug|Win32
		{85EBB095-35C1-4F42-B40E-CBF7BDEF8B2B}.Debug|Win32.ActiveCfg = Debug|Win32
		{85EBB095-35C1-4F42-B40E-CBF7BDEF8B2B}.Debug|Win32.Build.0 = Debug|Win32
		{85EBB095-35C1-4F42-B40E-CBF7BDEF8B2B}.Release DLL|Win32.ActiveCfg = Release|Win32
		{85EBB095-35C1-4F42-B40E-CBF7BDEF8B2B}.Release DLL|Win32.Build.0 = Release|Win32
		{85EBB095-35C1-4F42-B40E-CBF7BDEF8B2B}.Release Static|Win32.ActiveCfg = Release|Win32
		{85EBB095-35C1-4F42-B40E-CBF7BDEF8B2B}.Release Static|Win32.Build.0 = Release|Win32
		{85EBB095-35C1-4F42-B40E-CBF7BDEF8B2B}.Release Unicode|Win32.ActiveCfg = Release|Win32
		{85EBB095-35C1-4F42-B40E-CBF7BDEF8B2B}.Release Unicode|Win32.Build.0 = Release|Win32
		{85EBB095-35C1-4F42-B40E-CBF7BDEF8B2B}.Release|Win32.ActiveCfg = Release|Win32
		{85EBB095-35C1-4F42-B40E-CBF7BDEF8B2B}.Release|Win32.Build.0 = Release|Win32
		{199CB488-20E6-4678-970A-4CCB4A1655F6}.Debug DLL|Win32.ActiveCfg = Debug|Win32
		{199CB488-20E6-4678-970A-4CCB4A1655F6}.Debug DLL|Win32.Build.0 = Debug|Win32
		{199CB488-20E6-4678-970A-4CCB4A1655F6}.Debug No Type Info Name|Win32.ActiveCfg = Debug|Win32
		{199CB488-20E6-4678-970A-4CCB4A1655F6}.Debug No Type Info Name|Win32.Build.0 = Debug|Win32
		{199CB488-20E6-4678-970A-4CCB4A1655F6}.Debug NtTimer|Win32.ActiveCfg = Debug|Win32
		{199CB488-20E6-4678-970A-4CCB4A1655F6}.Debug NtTimer|Win32.Build.0 = Debug|Win32
		{199CB488-20E6-4678-970A-4CCB4A1655F6}.Debug Static|Win32.ActiveCfg = Debug|Win32
		{199CB488-20E6-4678-970A-4CCB4A1655F6}.Debug Static|Win32.Build.0 = Debug|Win32
		{199CB488-20E6-4678-970A-4CCB4A1655F6}.Debug Unicode|Win32.ActiveCfg = Debug|Win32
		{199CB488-20E6-4678-970A-4CCB4A1655F6}.Debug Unicode|Win32.Build.0 = Debug|Win32
		{199CB488-20E6-4678-970A-4CCB4A1655F6}.Debug|Win32.ActiveCfg = Debug|Win32
		{199CB488-20E6-4678-970A-4CCB4A1655F6}.Debug|Win32.Build.0 = Debug|Win32
		{199CB488-20E6-4678-970A-4CCB4A1655F6}.Release DLL|Win32.ActiveCfg = Release|Win32
		{199CB488-20E6-4678-970A-4CCB4A1655F6}.Release DLL|Win32.Build.0 = Release|Win32
		{199CB488-20E6-4678-970A-4CCB4A1655F6}.Release Static|Win32.ActiveCfg = Release|Win32
		{199CB488-20E6-4678-970A-4CCB4A1655F6}.Release Static|Win32.Build.0 = Release|Win32
		{199CB488-20E6-4678-970A-4CCB4A1655F6}.Release Unicode|Win32.ActiveCfg = Release|Win32
		{199CB488-20E6-4678-970A-4CCB4A1655F6}.Release Unicode|Win32.Build.0 = Release|Win32
		{199CB488-20E6-4678-970A-4CCB4A1655F6}.Release|Win32.ActiveCfg = Release|Win32
		{199CB488-20E6-4678-970A-4CCB4A1655F6}.Release|Win32.Build.0 = Release|Win32
		{6E484568-4975-423A-B91B-EB036A680582}.Debug DLL|Win32.ActiveCfg = Debug No Type Info Name|Win32
		{6E484568-4975-423A-B91B-EB036A680582}.Debug DLL|Win32.Build.0 = Debug No Type Info Name|Win32
		{6E484568-4975-423A-B91B-EB036A680582}.Debug No Type Info Name|Win32.ActiveCfg = Debug No Type Info Name|Win32
		{6E484568-4975-423A-B91B-EB036A680582}.Debug No Type Info Name|Win32.Build.0 = Debug No Type Info Name|Win32
		{6E484568-4975-423A-B91B-EB036A680582}.Debug NtTimer|Win32.ActiveCfg = Debug No Type Info Name|Win32
		{6E484568-4975-423A-B91B-EB036A680582}.Debug NtTimer|Win32.Build.0 = Debug No Type Info Name|Win32
		{6E484568-4975-423A-B91B-EB036A680582}.Debug Static|Win32.ActiveCfg = Debug No Type Info Name|Win32
		{6E484568-4975-423A-B91B-EB036A680582}.Debug Static|Win32.Build.0 = Debug No Type Info Name|Win32
		{6E484568-4975-423A-B91B-EB036A680582}.Debug Unicode|Win32.ActiveCfg = Debug Unicode|Win32
		{6E484568-4975-423A-B91B-EB036A680582}.Debug Unicode|Win32.Build.0 = Debug Unicode|Win32
		{6E484568-4975-423A-B91B-EB036A680582}.Debug|Win32.ActiveCfg = Debug|Win32
		{6E484568-4975-423A-B91B-EB036A680582}.Debug|Win32.Build.0 = Debug|Win32
		{6E484568-4975-423A-B91B-EB036A680582}.Release DLL|Win32.ActiveCfg = Release Unicode|Win32
		{6E484568-4975-423A-B91B-EB036A680582}.Release DLL|Win32.Build.0 = Release Unicode|Win32
		{6E484568-4975-423A-B91B-EB036A680582}.Release Static|Win32.ActiveCfg = Release Unicode|Win32
		{6E484568-4975-423A-B91B-EB036A680582}.Release Static|Win32.Build.0 = Release Unicode|Win32
		{6E484568-4975-423A-B91B-EB036A680582}.Release Unicode|Win32.ActiveCfg = Release Unicode|Win32
		{6E484568-4975-423A-B91B-EB036A680582}.Release Unicode|Win32.Build.0 = Release Unicode|Win32
		{6E484568-4975-423A-B91B-EB036A680582}.Release|Win32.ActiveCfg = Release|Win32
		{6E484568-4975-423A-B91B-EB036A680582}.Release|Win32.Build.0 = Release|Win32
		{3AFA97D4-DF27-4D07-9EB8-34D3A02416FE}.Debug DLL|Win32.ActiveCfg = Debug|Win32
		{3AFA97D4-DF27-4D07-9EB8-34D3A02416FE}.Debug DLL|Win32.Build.0 = Debug|Win32
		{3AFA97D4-DF27-4D07-9EB8-34D3A02416FE}.Debug No Type Info Name|Win32.ActiveCfg = Debug|Win32
		{3AFA97D4-DF27-4D07-9EB8-34D3A02416FE}.Debug No Type Info Name|Win32.Build.0 = Debug|Win32
		{3AFA97D4-DF27-4D07-9EB8-34D3A02416FE}.Debug NtTimer|Win32.ActiveCfg = Debug|Win32
		{3AFA97D4-DF27-4D07-9EB8-34D3A02416FE}.Debug NtTimer|Win32.Build.0 = Debug|Win32
		{3AFA97D4-DF27-4D07-9EB8-34D3A02416FE}.Debug Static|Win32.ActiveCfg = Debug|Win32
		{3AFA97D4-DF27-4D07-9EB8-34D3A02416FE}.Debug Static|Win32.Build.0 = Debug|Win32
		{3AFA97D4-DF27-4D07-9EB8-34D3A02416FE}.Debug Unicode|Win32.ActiveCfg = Debug|Win32
		{3AFA97D4-DF27-4D07-9EB8-34D3A02416FE}.Debug Unicode|Win32.Build.0 = Debug|Win32
		{3AFA97D4-DF27-4D07-9EB8-34D3A02416FE}.Debug|Win32.ActiveCfg = Debug|Win32
		{3AFA97D4-DF27-4D07-9EB8-34D3A02416FE}.Debug|Win32.Build.0 = Debug|Win32
		{3AFA97D4-DF27-4D07-9EB8-34D3A02416FE}.Release DLL|Win32.ActiveCfg = Release|Win32
		{3AFA97D4-DF27-4D07-9EB8-34D3A02416FE}.Release DLL|Win32.Build.0 = Release|Win32
		{3AFA97D4-DF27-4D07-9EB8-34D3A02416FE}.Release Static|Win32.ActiveCfg = Release|Win32
		{3AFA97D4-DF27-4D07-9EB8-34D3A02416FE}.Release Static|Win32.Build.0 = Release|Win32
		{3AFA97D4-DF27-4D07-9EB8-34D3A02416FE}.Release Unicode|Win32.ActiveCfg = Release|Win32
		{3AFA97D4-DF27-4D07-9EB8-34D3A02416FE}.Release Unicode|Win32.Build.0 = Release|Win32
		{3AFA97D4-DF27-4D07-9EB8-34D3A02416FE}.Release|Win32.ActiveCfg = Release|Win32
		{3AFA97D4-DF27-4D07-9EB8-34D3A02416FE}.Release|Win32.Build.0 = Release|Win32
		{E0BFF58C-6536-414C-86E2-87E9AD3430AD}.Debug DLL|Win32.ActiveCfg = Debug Unicode|Win32
		{E0BFF58C-6536-414C-86E2-87E9AD3430AD}.Debug DLL|Win32.Build.0 = Debug Unicode|Win32
		{E0BFF58C-6536-414C-86E2-87E9AD3430AD}.Debug No Type Info Name|Win32.ActiveCfg = Debug Unicode|Win32
		{E0BFF58C-6536-414C-86E2-87E9AD3430AD}.Debug No Type Info Name|Win32.Build.0 = Debug Unicode|Win32
		{E0BFF58C-6536-414C-86E2-87E9AD3430AD}.Debug NtTimer|Win32.ActiveCfg = Debug Unicode|Win32
		{E0BFF58C-6536-414C-86E2-87E9AD3430AD}.Debug NtTimer|Win32.Build.0 = Debug Unicode|Win32
		{E0BFF58C-6536-414C-86E2-87E9AD3430AD}.Debug Static|Win32.ActiveCfg = Debug Unicode|Win32
		{E0BFF58C-6536-414C-86E2-87E9AD3430AD}.Debug Static|Win32.Build.0 = Debug Unicode|Win32
		{E0BFF58C-6536-414C-86E2-87E9AD3430AD}.Debug Unicode|Win32.ActiveCfg = Debug Unicode|Win32
		{E0BFF58C-6536-414C-86E2-87E9AD3430AD}.Debug Unicode|Win32.Build.0 = Debug Unicode|Win32
		{E0BFF58C-6536-414C-86E2-87E9AD3430AD}.Debug|Win32.ActiveCfg = Debug|Win32
		{E0BFF58C-6536-414C-86E2-87E9AD3430AD}.Debug|Win32.Build.0 = Debug|Win32
		{E0BFF58C-6536-414C-86E2-87E9AD3430AD}.Release DLL|Win32.ActiveCfg = Release Unicode|Win32
		{E0BFF58C-6536-414C-86E2-87E9AD3430AD}.Release DLL|Win32.Build.0 = Release Unicode|Win32
		{E0BFF58C-6536-414C-86E2-87E9AD3430AD}.Release Static|Win32.ActiveCfg = Release Unicode|Win32
		{E0BFF58C-6536-414C-86E2-87E9AD3430AD}.Release Static|Win32.Build.0 = Release Unicode|Win32
		{E0BFF58C-6536-414C-86E2-87E9AD3430AD}.Release Unicode|Win32.ActiveCfg = Release Unicode|Win32
		{E0BFF58C-6536-414C-86E2-87E9AD3430AD}.Release Unicode|Win32.Build.0 = Release Unicode|Win32
		{E0BFF58C-6536-414C-86E2-87E9AD3430AD}.Release|Win32.ActiveCfg = Release|Win32
		{E0BFF58C-6536-414C-86E2-87E9AD3430AD}.Release|Win32.Build.0 = Release|Win32
		{F0255735-A71B-4BBA-9C05-B0C9B5D1B0CA}.Debug DLL|Win32.ActiveCfg = Debug|Win32
		{F0255735-A71B-4BBA-9C05-B0C9B5D1B0CA}.Debug DLL|Win32.Build.0 = Debug|Win32
		{F0255735-A71B-4BBA-9C05-B0C9B5D1B0CA}.Debug No Type Info Name|Win32.ActiveCfg = Debug|Win32
		{F0255735-A71B-4BBA-9C05-B0C9B5D1B0CA}.Debug No Type Info Name|Win32.Build.0 = Debug|Win32
		{F0255735-A71B-4BBA-9C05-B0C9B5D1B0CA}.Debug NtTimer|Win32.ActiveCfg = Debug|Win32
		{F0255735-A71B-4BBA-9C05-B0C9B5D1B0CA}.Debug NtTimer|Win32.Build.0 = Debug|Win32
		{F0255735-A71B-4BBA-9C05-B0C9B5D1B0CA}.Debug Static|Win32.ActiveCfg = Debug|Win32
		{F0255735-A71B-4BBA-9C05-B0C9B5D1B0CA}.Debug Static|Win32.Build.0 = Debug|Win32
		{F0255735-A71B-4BBA-9C05-B0C9B5D1B0CA}.Debug Unicode|Win32.ActiveCfg = Debug|Win32
		{F0255735-A71B-4BBA-9C05-B0C9B5D1B0CA}.Debug Unicode|Win32.Build.0 = Debug|Win32
		{F0255735-A71B-4BBA-9C05-B0C9B5D1B0CA}.Debug|Win32.ActiveCfg = Debug|Win32
		{F0255735-A71B-4BBA-9C05-B0C9B5D1B0CA}.Debug|Win32.Build.0 = Debug|Win32
		{F0255735-A71B-4BBA-9C05-B0C9B5D1B0CA}.Release DLL|Win32.ActiveCfg = Release|Win32
		{F0255735-A71B-4BBA-9C05-B0C9B5D1B0CA}.Release DLL|Win32.Build.0 = Release|Win32
		{F0255735-A71B-4BBA-9C05-B0C9B5D1B0CA}.Release Static|Win32.ActiveCfg = Release|Win32
		{F0255735-A71B-4BBA-9C05-B0C9B5D1B0CA}.Release Static|Win32.Build.0 = Release|Win32
		{F0255735-A71B-4BBA-9C05-B0C9B5D1B0CA}.Release Unicode|Win32.ActiveCfg = Release|Win32
		{F0255735-A71B-4BBA-9C05-B0C9B5D1B0CA}.Release Unicode|Win32.Build.0 = Release|Win32
		{F0255735-A71B-4BBA-9C05-B0C9B5D1B0CA}.Release|Win32.ActiveCfg = Release|Win32
		{F0255735-A71B-4BBA-9C05-B0C9B5D1B0CA}.Release|Win32.Build.0 = Release|Win32
		{0C8DDCF9-06CA-4B44-B6B4-05A430ECA815}.Debug DLL|Win32.ActiveCfg = Debug|Win32
		{0C8DDCF9-06CA-4B44-B6B4-05A430ECA815}.Debug DLL|Win32.Build.0 = Debug|Win32
		{0C8DDCF9-06CA-4B44-B6B4-05A430ECA815}.Debug No Type Info Name|Win32.ActiveCfg = Debug|Win32
		{0C8DDCF9-06CA-4B44-B6B4-05A430ECA815}.Debug No Type Info Name|Win32.Build.0 = Debug|Win32
		{0C8DDCF9-06CA-4B44-B6B4-05A430ECA815}.Debug NtTimer|Win32.ActiveCfg = Debug|Win32
		{0C8DDCF9-06CA-4B44-B6B4-05A430ECA815}.Debug NtTimer|Win32.Build.0 = Debug|Win32
		{0C8DDCF9-06CA-4B44-B6B4-05A430ECA815}.Debug Static|Win32.ActiveCfg = Debug|Win32
		{0C8DDCF9-06CA-4B44-B6B4-05A430ECA815}.Debug Static|Win32.Build.0 = Debug|Win32
		{0C8DDCF9-06CA-4B44-B6B4-05A430ECA815}.Debug Unicode|Win32.ActiveCfg = Debug|Win32
		{0C8DDCF9-06CA-4B44-B6B4-05A430ECA815}.Debug Unicode|Win32.Build.0 = Debug|Win32
		{0C8DDCF9-06CA-4B44-B6B4-05A430ECA815}.Debug|Win32.ActiveCfg = Debug|Win32
		{0C8DDCF9-06CA-4B44-B6B4-05A430ECA815}.Debug|Win32.Build.0 = Debug|Win32
		{0C8DDCF9-06CA-4B44-B6B4-05A430ECA815}.Release DLL|Win32.ActiveCfg = Release|Win32
		{0C8DDCF9-06CA-4B44-B6B4-05A430ECA815}.Release DLL|Win32.Build.0 = Release|Win32
		{0C8DDCF9-06CA-4B44-B6B4-05A430ECA815}.Release Static|Win32.ActiveCfg = Release|Win32
		{0C8DDCF9-06CA-4B44-B6B4-05A430ECA815}.Release Static|Win32.Build.0 = Release|Win32
		{0C8DDCF9-06CA-4B44-B6B4-05A430ECA815}.Release Unicode|Win32.ActiveCfg = Release|Win32
		{0C8DDCF9-06CA-4B44-B6B4-05A430ECA815}.Release Unicode|Win32.Build.0 = Release|Win32
		{0C8DDCF9-06CA-4B44-B6B4-05A430ECA815}.Release|Win32.ActiveCfg = Release|Win32
		{0C8DDCF9-06CA-4B44-B6B4-05A430ECA815}.Release|Win32.Build.0 = Release|Win32
		{F32CC185-5B92-4FDA-BE98-0E36E36F5951}.Debug DLL|Win32.ActiveCfg = Debug|Win32
		{F32CC185-5B92-4FDA-BE98-0E36E36F5951}.Debug DLL|Win32.Build.0 = Debug|Win32
		{F32CC185-5B92-4FDA-BE98-0E36E36F5951}.Debug No Type Info Name|Win32.ActiveCfg = Debug|Win32
		{F32CC185-5B92-4FDA-BE98-0E36E36F5951}.Debug No Type Info Name|Win32.Build.0 = Debug|Win32
		{F32CC185-5B92-4FDA-BE98-0E36E36F5951}.Debug NtTimer|Win32.ActiveCfg = Debug|Win32
		{F32CC185-5B92-4FDA-BE98-0E36E36F5951}.Debug NtTimer|Win32.Build.0 = Debug|Win32
		{F32CC185-5B92-4FDA-BE98-0E36E36F5951}.Debug Static|Win32.ActiveCfg = Debug|Win32
		{F32CC185-5B92-4FDA-BE98-0E36E36F5951}.Debug Static|Win32.Build.0 = Debug|Win32
		{F32CC185-5B92-4FDA-BE98-0E36E36F5951}.Debug Unicode|Win32.ActiveCfg = Debug|Win32
		{F32CC185-5B92-4FDA-BE98-0E36E36F5951}.Debug Unicode|Win32.Build.0 = Debug|Win32
		{F32CC185-5B92-4FDA-BE98-0E36E36F5951}.Debug|Win32.ActiveCfg = Debug|Win32
		{F32CC185-5B92-4FDA-BE98-0E36E36F5951}.Debug|Win32.Build.0 = Debug|Win32
		{F32CC185-5B92-4FDA-BE98-0E36E36F5951}.Release DLL|Win32.ActiveCfg = Release|Win32
		{F32CC185-5B92-4FDA-BE98-0E36E36F5951}.Release DLL|Win32.Build.0 = Release|Win32
		{F32CC185-5B92-4FDA-BE98-0E36E36F5951}.Release Static|Win32.ActiveCfg = Release|Win32
		{F32CC185-5B92-4FDA-BE98-0E36E36F5951}.Release Static|Win32.Build.0 = Release|Win32
		{F32CC185-5B92-4FDA-BE98-0E36E36F5951}.Release Unicode|Win32.ActiveCfg = Release|Win32
		{F32CC185-5B92-4FDA-BE98-0E36E36F5951}.Release Unicode|Win32.Build.0 = Release|Win32
		{F32CC185-5B92-4FDA-BE98-0E36E36F5951}.Release|Win32.ActiveCfg = Release|Win32
		{F32CC185-5B92-4FDA-BE98-0E36E36F5951}.Release|Win32.Build.0 = Release|Win32
		{B4E99F90-24AF-4AF9-B142-68D6AA364FD6}.Debug DLL|Win32.ActiveCfg = Debug|Win32
		{B4E99F90-24AF-4AF9-B142-68D6AA364FD6}.Debug DLL|Win32.Build.0 = Debug|Win32
		{B4E99F90-24AF-4AF9-B142-68D6AA364FD6}.Debug No Type Info Name|Win32.ActiveCfg = Debug|Win32
		{B4E99F90-24AF-4AF9-B142-68D6AA364FD6}.Debug No Type Info Name|Win32.Build.0 = Debug|Win32
		{B4E99F90-24AF-4AF9-B142-68D6AA364FD6}.Debug NtTimer|Win32.ActiveCfg = Debug|Win32
		{B4E99F90-24AF-4AF9-B142-68D6AA364FD6}.Debug NtTimer|Win32.Build.0 = Debug|Win32
		{B4E99F90-24AF-4AF9-B142-68D6AA364FD6}.Debug Static|Win32.ActiveCfg = Debug|Win32
		{B4E99F90-24AF-4AF9-B142-68D6AA364FD6}.Debug Static|Win32.Build.0 = Debug|Win32
		{B4E99F90-24AF-4AF9-B142-68D6AA364FD6}.Debug Unicode|Win32.ActiveCfg = Debug|Win32
		{B4E99F90-24AF-4AF9-B142-68D6AA364FD6}.Debug Unicode|Win32.Build.0 = Debug|Win32
		{B4E99F90-24AF-4AF9-B142-68D6AA364FD6}.Debug|Win32.ActiveCfg = Debug|Win32
		{B4E99F90-24AF-4AF9-B142-68D6AA364FD6}.Debug|Win32.Build.0 = Debug|Win32
		{B4E99F90-24AF-4AF9-B142-68D6AA364FD6}.Release DLL|Win32.ActiveCfg = Release|Win32
		{B4E99F90-24AF-4AF9-B142-68D6AA364FD6}.Release DLL|Win32.Build.0 = Release|Win32
		{B4E99F90-24AF-4AF9-B142-68D6AA364FD6}.Release Static|Win32.ActiveCfg = Release|Win32
		{B4E99F90-24AF-4AF9-B142-68D6AA364FD6}.Release Static|Win32.Build.0 = Release|Win32
		{B4E99F90-24AF-4AF9-B142-68D6AA364FD6}.Release Unicode|Win32.ActiveCfg = Release|Win32
		{B4E99F90-24AF-4AF9-B142-68D6AA364FD6}.Release Unicode|Win32.Build.0 = Release|Win32
		{B4E99F90-24AF-4AF9-B142-68D6AA364FD6}.Release|Win32.ActiveCfg = Release|Win32
		{B4E99F90-24AF-4AF9-B142-68D6AA364FD6}.Release|Win32.Build.0 = Release|Win32
		{A7055D65-8EF6-430C-8F64-7F5E719EB65E}.Debug DLL|Win32.ActiveCfg = Debug|Win32
		{A7055D65-8EF6-430C-8F64-7F5E719EB65E}.Debug DLL|Win32.Build.0 = Debug|Win32
		{A7055D65-8EF6-430C-8F64-7F5E719EB65E}.Debug No Type Info Name|Win32.ActiveCfg = Debug|Win32
		{A7055D65-8EF6-430C-8F64-7F5E719EB65E}.Debug No Type Info Name|Win32.Build.0 = Debug|Win32
		{A7055D65-8EF6-430C-8F64-7F5E719EB65E}.Debug NtTimer|Win32.ActiveCfg = Debug|Win32
		{A7055D65-8EF6-430C-8F64-7F5E719EB65E}.Debug NtTimer|Win32.Build.0 = Debug|Win32
		{A7055D65-8EF6-430C-8F64-7F5E719EB65E}.Debug Static|Win32.ActiveCfg = Debug|Win32
		{A7055D65-8EF6-430C-8F64-7F5E719EB65E}.Debug Static|Win32.Build.0 = Debug|Win32
		{A7055D65-8EF6-430C-8F64-7F5E719EB65E}.Debug Unicode|Win32.ActiveCfg = Debug|Win32
		{A7055D65-8EF6-430C-8F64-7F5E719EB65E}.Debug Unicode|Win32.Build.0 = Debug|Win32
		{A7055D65-8EF6-430C-8F64-7F5E719EB65E}.Debug|Win32.ActiveCfg = Debug|Win32
		{A7055D65-8EF6-430C-8F64-7F5E719EB65E}.Debug|Win32.Build.0 = Debug|Win32
		{A7055D65-8EF6-430C-8F64-7F5E719EB65E}.Release DLL|Win32.ActiveCfg = Release|Win32
		{A7055D65-8EF6-430C-8F64-7F5E719EB65E}.Release DLL|Win32.Build.0 = Release|Win32
		{A7055D65-8EF6-430C-8F64-7F5E719EB65E}.Release Static|Win32.ActiveCfg = Release|Win32
		{A7055D65-8EF6-430C-8F64-7F5E719EB65E}.Release Static|Win32.Build.0 = Release|Win32
		{A7055D65-8EF6-430C-8F64-7F5E719EB65E}.Release Unicode|Win32.ActiveCfg = Release|Win32
		{A7055D65-8EF6-430C-8F64-7F5E719EB65E}.Release Unicode|Win32.Build.0 = Release|Win32
		{A7055D65-8EF6-430C-8F64-7F5E719EB65E}.Release|Win32.ActiveCfg = Release|Win32
		{A7055D65-8EF6-430C-8F64-7F5E719EB65E}.Release|Win32.Build.0 = Release|Win32
		{ED7F0C50-7251-4D8E-A329-0EE8817267A0}.Debug DLL|Win32.ActiveCfg = Debug|Win32
		{ED7F0C50-7251-4D8E-A329-0EE8817267A0}.Debug DLL|Win32.Build.0 = Debug|Win32
		{ED7F0C50-7251-4D8E-A329-0EE8817267A0}.Debug No Type Info Name|Win32.ActiveCfg = Debug|Win32
		{ED7F0C50-7251-4D8E-A329-0EE8817267A0}.Debug No Type Info Name|Win32.Build.0 = Debug|Win32
		{ED7F0C50-7251-4D8E-A329-0EE8817267A0}.Debug NtTimer|Win32.ActiveCfg = Debug|Win32
		{ED7F0C50-7251-4D8E-A329-0EE8817267A0}.Debug NtTimer|Win32.Build.0 = Debug|Win32
		{ED7F0C50-7251-4D8E-A329-0EE8817267A0}.Debug Static|Win32.ActiveCfg = Debug|Win32
		{ED7F0C50-7251-4D8E-A329-0EE8817267A0}.Debug Static|Win32.Build.0 = Debug|Win32
		{ED7F0C50-7251-4D8E-A329-0EE8817267A0}.Debug Unicode|Win32.ActiveCfg = Debug|Win32
		{ED7F0C50-7251-4D8E-A329-0EE8817267A0}.Debug Unicode|Win32.Build.0 = Debug|Win32
		{ED7F0C50-7251-4D8E-A329-0EE8817267A0}.Debug|Win32.ActiveCfg = Debug|Win32
		{ED7F0C50-7251-4D8E-A329-0EE8817267A0}.Debug|Win32.Build.0 = Debug|Win32
		{ED7F0C50-7251-4D8E-A329-0EE8817267A0}.Release DLL|Win32.ActiveCfg = Release|Win32
		{ED7F0C50-7251-4D8E-A329-0EE8817267A0}.Release DLL|Win32.Build.0 = Release|Win32
		{ED7F0C50-7251-4D8E-A329-0EE8817267A0}.Release Static|Win32.ActiveCfg = Release|Win32
		{ED7F0C50-7251-4D8E-A329-0EE8817267A0}.Release Static|Win32.Build.0 = Release|Win32
		{ED7F0C50-7251-4D8E-A329-0EE8817267A0}.Release Unicode|Win32.ActiveCfg = Release|Win32
		{ED7F0C50-7251-4D8E-A329-0EE8817267A0}.Release Unicode|Win32.Build.0 = Release|Win32
		{ED7F0C50-7251-4D8E-A329-0EE8817267A0}.Release|Win32.ActiveCfg = Release|Win32
		{ED7F0C50-7251-4D8E-A329-0EE8817267A0}.Release|Win32.Build.0 = Release|Win32
	EndGlobalSection
	GlobalSection(SolutionProperties) = preSolution
		HideSolutionNode = FALSE
	EndGlobalSection
EndGlobal
