<?xml version="1.0" encoding="utf-8"?>
<Project ToolsVersion="4.0" xmlns="http://schemas.microsoft.com/developer/msbuild/2003">
  <ItemGroup>
    <Filter Include="Source Files">
      <UniqueIdentifier>{4FC737F1-C7A5-4376-A066-2A32D752A2FF}</UniqueIdentifier>
      <Extensions>cpp;c;cc;cxx;def;odl;idl;hpj;bat;asm;asmx</Extensions>
    </Filter>
    <Filter Include="Source Files\Compute">
      <UniqueIdentifier>{aeebb9b5-f1b5-48f9-9595-b9f935f17605}</UniqueIdentifier>
    </Filter>
    <Filter Include="Header Files">
      <UniqueIdentifier>{93995380-89BD-4b04-88EB-625FBE52EBFB}</UniqueIdentifier>
      <Extensions>h;hpp;hxx;hm;inl;inc;xsd</Extensions>
    </Filter>
    <Filter Include="Header Files\Compute">
      <UniqueIdentifier>{ebeb3a20-8392-4a05-a690-cd40ae3b663e}</UniqueIdentifier>
    </Filter>
    <Filter Include="Header Files\Support">
      <UniqueIdentifier>{a2f5c5a7-9762-41e8-b8a2-ca06c0534cd4}</UniqueIdentifier>
    </Filter>
  </ItemGroup>
  <ItemGroup>
    <ClCompile Include="Compute.cpp">
      <Filter>Source Files\Compute</Filter>
    </ClCompile>
  </ItemGroup>
  <ItemGroup>
    <ClInclude Include="Compute.hpp">
      <Filter>Header Files\Compute</Filter>
    </ClInclude>
    <ClInclude Include="Util.hpp">
      <Filter>Header Files\Support</Filter>
    </ClInclude>
  </ItemGroup>
</Project>